// !$*UTF8*$!
{
	archiveVersion = 1;
	classes = {
	};
	objectVersion = 56;
	objects = {

/* Begin PBXBuildFile section */
		DA9392092A11D4B8005F6E64 /* AppDelegate.swift in Sources */ = {isa = PBXBuildFile; fileRef = DA9392082A11D4B8005F6E64 /* AppDelegate.swift */; };
		DA93920B2A11D4B8005F6E64 /* SceneDelegate.swift in Sources */ = {isa = PBXBuildFile; fileRef = DA93920A2A11D4B8005F6E64 /* SceneDelegate.swift */; };
		DA93920D2A11D4B8005F6E64 /* CourseViewController.swift in Sources */ = {isa = PBXBuildFile; fileRef = DA93920C2A11D4B8005F6E64 /* CourseViewController.swift */; };
		DA9392102A11D4B8005F6E64 /* Main.storyboard in Resources */ = {isa = PBXBuildFile; fileRef = DA93920E2A11D4B8005F6E64 /* Main.storyboard */; };
		DA9392132A11D4B8005F6E64 /* CodeForum.xcdatamodeld in Sources */ = {isa = PBXBuildFile; fileRef = DA9392112A11D4B8005F6E64 /* CodeForum.xcdatamodeld */; };
		DA9392152A11D4BA005F6E64 /* Assets.xcassets in Resources */ = {isa = PBXBuildFile; fileRef = DA9392142A11D4BA005F6E64 /* Assets.xcassets */; };
		DA9392182A11D4BA005F6E64 /* LaunchScreen.storyboard in Resources */ = {isa = PBXBuildFile; fileRef = DA9392162A11D4BA005F6E64 /* LaunchScreen.storyboard */; };
/* End PBXBuildFile section */

/* Begin PBXFileReference section */
		DA9392052A11D4B8005F6E64 /* CodeForum.app */ = {isa = PBXFileReference; explicitFileType = wrapper.application; includeInIndex = 0; path = CodeForum.app; sourceTree = BUILT_PRODUCTS_DIR; };
		DA9392082A11D4B8005F6E64 /* AppDelegate.swift */ = {isa = PBXFileReference; lastKnownFileType = sourcecode.swift; path = AppDelegate.swift; sourceTree = "<group>"; };
		DA93920A2A11D4B8005F6E64 /* SceneDelegate.swift */ = {isa = PBXFileReference; lastKnownFileType = sourcecode.swift; path = SceneDelegate.swift; sourceTree = "<group>"; };
		DA93920C2A11D4B8005F6E64 /* CourseViewController.swift */ = {isa = PBXFileReference; lastKnownFileType = sourcecode.swift; path = CourseViewController.swift; sourceTree = "<group>"; };
		DA93920F2A11D4B8005F6E64 /* Base */ = {isa = PBXFileReference; lastKnownFileType = file.storyboard; name = Base; path = Base.lproj/Main.storyboard; sourceTree = "<group>"; };
		DA9392122A11D4B8005F6E64 /* CodeForum.xcdatamodel */ = {isa = PBXFileReference; lastKnownFileType = wrapper.xcdatamodel; path = CodeForum.xcdatamodel; sourceTree = "<group>"; };
		DA9392142A11D4BA005F6E64 /* Assets.xcassets */ = {isa = PBXFileReference; lastKnownFileType = folder.assetcatalog; path = Assets.xcassets; sourceTree = "<group>"; };
		DA9392172A11D4BA005F6E64 /* Base */ = {isa = PBXFileReference; lastKnownFileType = file.storyboard; name = Base; path = Base.lproj/LaunchScreen.storyboard; sourceTree = "<group>"; };
		DA9392192A11D4BA005F6E64 /* Info.plist */ = {isa = PBXFileReference; lastKnownFileType = text.plist.xml; path = Info.plist; sourceTree = "<group>"; };
/* End PBXFileReference section */

/* Begin PBXFrameworksBuildPhase section */
		DA9392022A11D4B8005F6E64 /* Frameworks */ = {
			isa = PBXFrameworksBuildPhase;
			buildActionMask = 2147483647;
			files = (
			);
			runOnlyForDeploymentPostprocessing = 0;
		};
/* End PBXFrameworksBuildPhase section */

/* Begin PBXGroup section */
		DA9391FC2A11D4B8005F6E64 = {
			isa = PBXGroup;
			children = (
				DA9392072A11D4B8005F6E64 /* CodeForum */,
				DA9392062A11D4B8005F6E64 /* Products */,
			);
			sourceTree = "<group>";
		};
		DA9392062A11D4B8005F6E64 /* Products */ = {
			isa = PBXGroup;
			children = (
				DA9392052A11D4B8005F6E64 /* CodeForum.app */,
			);
			name = Products;
			sourceTree = "<group>";
		};
		DA9392072A11D4B8005F6E64 /* CodeForum */ = {
			isa = PBXGroup;
			children = (
				DA9392082A11D4B8005F6E64 /* AppDelegate.swift */,
				DA93920A2A11D4B8005F6E64 /* SceneDelegate.swift */,
				DA93921F2A11D61C005F6E64 /* Interface */,
				DA93920E2A11D4B8005F6E64 /* Main.storyboard */,
				DA9392142A11D4BA005F6E64 /* Assets.xcassets */,
				DA9392162A11D4BA005F6E64 /* LaunchScreen.storyboard */,
				DA9392192A11D4BA005F6E64 /* Info.plist */,
				DA9392112A11D4B8005F6E64 /* CodeForum.xcdatamodeld */,
			);
			path = CodeForum;
			sourceTree = "<group>";
		};
		DA93921F2A11D61C005F6E64 /* Interface */ = {
			isa = PBXGroup;
			children = (
				DA93920C2A11D4B8005F6E64 /* CourseViewController.swift */,
			);
			path = Interface;
			sourceTree = "<group>";
		};
/* End PBXGroup section */

/* Begin PBXNativeTarget section */
		DA9392042A11D4B8005F6E64 /* CodeForum */ = {
			isa = PBXNativeTarget;
			buildConfigurationList = DA93921C2A11D4BA005F6E64 /* Build configuration list for PBXNativeTarget "CodeForum" */;
			buildPhases = (
				DA9392012A11D4B8005F6E64 /* Sources */,
				DA9392022A11D4B8005F6E64 /* Frameworks */,
				DA9392032A11D4B8005F6E64 /* Resources */,
			);
			buildRules = (
			);
			dependencies = (
			);
			name = CodeForum;
			productName = CodeForum;
			productReference = DA9392052A11D4B8005F6E64 /* CodeForum.app */;
			productType = "com.apple.product-type.application";
		};
/* End PBXNativeTarget section */

/* Begin PBXProject section */
		DA9391FD2A11D4B8005F6E64 /* Project object */ = {
			isa = PBXProject;
			attributes = {
				BuildIndependentTargetsInParallel = 1;
				LastSwiftUpdateCheck = 1430;
				LastUpgradeCheck = 1430;
				TargetAttributes = {
					DA9392042A11D4B8005F6E64 = {
						CreatedOnToolsVersion = 14.3;
					};
				};
			};
			buildConfigurationList = DA9392002A11D4B8005F6E64 /* Build configuration list for PBXProject "CodeForum" */;
			compatibilityVersion = "Xcode 14.0";
			developmentRegion = en;
			hasScannedForEncodings = 0;
			knownRegions = (
				en,
				Base,
			);
			mainGroup = DA9391FC2A11D4B8005F6E64;
			productRefGroup = DA9392062A11D4B8005F6E64 /* Products */;
			projectDirPath = "";
			projectRoot = "";
			targets = (
				DA9392042A11D4B8005F6E64 /* CodeForum */,
			);
		};
/* End PBXProject section */

/* Begin PBXResourcesBuildPhase section */
		DA9392032A11D4B8005F6E64 /* Resources */ = {
			isa = PBXResourcesBuildPhase;
			buildActionMask = 2147483647;
			files = (
				DA9392182A11D4BA005F6E64 /* LaunchScreen.storyboard in Resources */,
				DA9392152A11D4BA005F6E64 /* Assets.xcassets in Resources */,
				DA9392102A11D4B8005F6E64 /* Main.storyboard in Resources */,
			);
			runOnlyForDeploymentPostprocessing = 0;
		};
/* End PBXResourcesBuildPhase section */

/* Begin PBXSourcesBuildPhase section */
		DA9392012A11D4B8005F6E64 /* Sources */ = {
			isa = PBXSourcesBuildPhase;
			buildActionMask = 2147483647;
			files = (
				DA93920D2A11D4B8005F6E64 /* CourseViewController.swift in Sources */,
				DA9392092A11D4B8005F6E64 /* AppDelegate.swift in Sources */,
				DA9392132A11D4B8005F6E64 /* CodeForum.xcdatamodeld in Sources */,
				DA93920B2A11D4B8005F6E64 /* SceneDelegate.swift in Sources */,
			);
			runOnlyForDeploymentPostprocessing = 0;
		};
/* End PBXSourcesBuildPhase section */

/* Begin PBXVariantGroup section */
		DA93920E2A11D4B8005F6E64 /* Main.storyboard */ = {
			isa = PBXVariantGroup;
			children = (
				DA93920F2A11D4B8005F6E64 /* Base */,
			);
			name = Main.storyboard;
			sourceTree = "<group>";
		};
		DA9392162A11D4BA005F6E64 /* LaunchScreen.storyboard */ = {
			isa = PBXVariantGroup;
			children = (
				DA9392172A11D4BA005F6E64 /* Base */,
			);
			name = LaunchScreen.storyboard;
			sourceTree = "<group>";
		};
/* End PBXVariantGroup section */

/* Begin XCBuildConfiguration section */
		DA93921A2A11D4BA005F6E64 /* Debug */ = {
			isa = XCBuildConfiguration;
			buildSettings = {
				ALWAYS_SEARCH_USER_PATHS = NO;
				CLANG_ANALYZER_NONNULL = YES;
				CLANG_ANALYZER_NUMBER_OBJECT_CONVERSION = YES_AGGRESSIVE;
				CLANG_CXX_LANGUAGE_STANDARD = "gnu++20";
				CLANG_ENABLE_MODULES = YES;
				CLANG_ENABLE_OBJC_ARC = YES;
				CLANG_ENABLE_OBJC_WEAK = YES;
				CLANG_WARN_BLOCK_CAPTURE_AUTORELEASING = YES;
				CLANG_WARN_BOOL_CONVERSION = YES;
				CLANG_WARN_COMMA = YES;
				CLANG_WARN_CONSTANT_CONVERSION = YES;
				CLANG_WARN_DEPRECATED_OBJC_IMPLEMENTATIONS = YES;
				CLANG_WARN_DIRECT_OBJC_ISA_USAGE = YES_ERROR;
				CLANG_WARN_DOCUMENTATION_COMMENTS = YES;
				CLANG_WARN_EMPTY_BODY = YES;
				CLANG_WARN_ENUM_CONVERSION = YES;
				CLANG_WARN_INFINITE_RECURSION = YES;
				CLANG_WARN_INT_CONVERSION = YES;
				CLANG_WARN_NON_LITERAL_NULL_CONVERSION = YES;
				CLANG_WARN_OBJC_IMPLICIT_RETAIN_SELF = YES;
				CLANG_WARN_OBJC_LITERAL_CONVERSION = YES;
				CLANG_WARN_OBJC_ROOT_CLASS = YES_ERROR;
				CLANG_WARN_QUOTED_INCLUDE_IN_FRAMEWORK_HEADER = YES;
				CLANG_WARN_RANGE_LOOP_ANALYSIS = YES;
				CLANG_WARN_STRICT_PROTOTYPES = YES;
				CLANG_WARN_SUSPICIOUS_MOVE = YES;
				CLANG_WARN_UNGUARDED_AVAILABILITY = YES_AGGRESSIVE;
				CLANG_WARN_UNREACHABLE_CODE = YES;
				CLANG_WARN__DUPLICATE_METHOD_MATCH = YES;
				COPY_PHASE_STRIP = NO;
				DEBUG_INFORMATION_FORMAT = dwarf;
				ENABLE_STRICT_OBJC_MSGSEND = YES;
				ENABLE_TESTABILITY = YES;
				GCC_C_LANGUAGE_STANDARD = gnu11;
				GCC_DYNAMIC_NO_PIC = NO;
				GCC_NO_COMMON_BLOCKS = YES;
				GCC_OPTIMIZATION_LEVEL = 0;
				GCC_PREPROCESSOR_DEFINITIONS = (
					"DEBUG=1",
					"$(inherited)",
				);
				GCC_WARN_64_TO_32_BIT_CONVERSION = YES;
				GCC_WARN_ABOUT_RETURN_TYPE = YES_ERROR;
				GCC_WARN_UNDECLARED_SELECTOR = YES;
				GCC_WARN_UNINITIALIZED_AUTOS = YES_AGGRESSIVE;
				GCC_WARN_UNUSED_FUNCTION = YES;
				GCC_WARN_UNUSED_VARIABLE = YES;
				IPHONEOS_DEPLOYMENT_TARGET = 16.4;
				MTL_ENABLE_DEBUG_INFO = INCLUDE_SOURCE;
				MTL_FAST_MATH = YES;
				ONLY_ACTIVE_ARCH = YES;
				SDKROOT = iphoneos;
				SWIFT_ACTIVE_COMPILATION_CONDITIONS = DEBUG;
				SWIFT_OPTIMIZATION_LEVEL = "-Onone";
			};
			name = Debug;
		};
		DA93921B2A11D4BA005F6E64 /* Release */ = {
			isa = XCBuildConfiguration;
			buildSettings = {
				ALWAYS_SEARCH_USER_PATHS = NO;
				CLANG_ANALYZER_NONNULL = YES;
				CLANG_ANALYZER_NUMBER_OBJECT_CONVERSION = YES_AGGRESSIVE;
				CLANG_CXX_LANGUAGE_STANDARD = "gnu++20";
				CLANG_ENABLE_MODULES = YES;
				CLANG_ENABLE_OBJC_ARC = YES;
				CLANG_ENABLE_OBJC_WEAK = YES;
				CLANG_WARN_BLOCK_CAPTURE_AUTORELEASING = YES;
				CLANG_WARN_BOOL_CONVERSION = YES;
				CLANG_WARN_COMMA = YES;
				CLANG_WARN_CONSTANT_CONVERSION = YES;
				CLANG_WARN_DEPRECATED_OBJC_IMPLEMENTATIONS = YES;
				CLANG_WARN_DIRECT_OBJC_ISA_USAGE = YES_ERROR;
				CLANG_WARN_DOCUMENTATION_COMMENTS = YES;
				CLANG_WARN_EMPTY_BODY = YES;
				CLANG_WARN_ENUM_CONVERSION = YES;
				CLANG_WARN_INFINITE_RECURSION = YES;
				CLANG_WARN_INT_CONVERSION = YES;
				CLANG_WARN_NON_LITERAL_NULL_CONVERSION = YES;
				CLANG_WARN_OBJC_IMPLICIT_RETAIN_SELF = YES;
				CLANG_WARN_OBJC_LITERAL_CONVERSION = YES;
				CLANG_WARN_OBJC_ROOT_CLASS = YES_ERROR;
				CLANG_WARN_QUOTED_INCLUDE_IN_FRAMEWORK_HEADER = YES;
				CLANG_WARN_RANGE_LOOP_ANALYSIS = YES;
				CLANG_WARN_STRICT_PROTOTYPES = YES;
				CLANG_WARN_SUSPICIOUS_MOVE = YES;
				CLANG_WARN_UNGUARDED_AVAILABILITY = YES_AGGRESSIVE;
				CLANG_WARN_UNREACHABLE_CODE = YES;
				CLANG_WARN__DUPLICATE_METHOD_MATCH = YES;
				COPY_PHASE_STRIP = NO;
				DEBUG_INFORMATION_FORMAT = "dwarf-with-dsym";
				ENABLE_NS_ASSERTIONS = NO;
				ENABLE_STRICT_OBJC_MSGSEND = YES;
				GCC_C_LANGUAGE_STANDARD = gnu11;
				GCC_NO_COMMON_BLOCKS = YES;
				GCC_WARN_64_TO_32_BIT_CONVERSION = YES;
				GCC_WARN_ABOUT_RETURN_TYPE = YES_ERROR;
				GCC_WARN_UNDECLARED_SELECTOR = YES;
				GCC_WARN_UNINITIALIZED_AUTOS = YES_AGGRESSIVE;
				GCC_WARN_UNUSED_FUNCTION = YES;
				GCC_WARN_UNUSED_VARIABLE = YES;
				IPHONEOS_DEPLOYMENT_TARGET = 16.4;
				MTL_ENABLE_DEBUG_INFO = NO;
				MTL_FAST_MATH = YES;
				SDKROOT = iphoneos;
				SWIFT_COMPILATION_MODE = wholemodule;
				SWIFT_OPTIMIZATION_LEVEL = "-O";
				VALIDATE_PRODUCT = YES;
			};
			name = Release;
		};
		DA93921D2A11D4BA005F6E64 /* Debug */ = {
			isa = XCBuildConfiguration;
			buildSettings = {
				ASSETCATALOG_COMPILER_APPICON_NAME = AppIcon;
				ASSETCATALOG_COMPILER_GLOBAL_ACCENT_COLOR_NAME = AccentColor;
				CODE_SIGN_STYLE = Automatic;
				CURRENT_PROJECT_VERSION = 1;
				DEVELOPMENT_TEAM = 8ABULZGAUM;
				GENERATE_INFOPLIST_FILE = YES;
				INFOPLIST_FILE = CodeForum/Info.plist;
				INFOPLIST_KEY_UIApplicationSupportsIndirectInputEvents = YES;
				INFOPLIST_KEY_UILaunchStoryboardName = LaunchScreen;
				INFOPLIST_KEY_UIMainStoryboardFile = Main;
				INFOPLIST_KEY_UISupportedInterfaceOrientations_iPad = "UIInterfaceOrientationPortrait UIInterfaceOrientationPortraitUpsideDown UIInterfaceOrientationLandscapeLeft UIInterfaceOrientationLandscapeRight";
				INFOPLIST_KEY_UISupportedInterfaceOrientations_iPhone = "UIInterfaceOrientationPortrait UIInterfaceOrientationLandscapeLeft UIInterfaceOrientationLandscapeRight";
				LD_RUNPATH_SEARCH_PATHS = (
					"$(inherited)",
					"@executable_path/Frameworks",
				);
				MARKETING_VERSION = 1.0;
				PRODUCT_BUNDLE_IDENTIFIER = io.github.qhuiyan.CodeForum;
				PRODUCT_NAME = "$(TARGET_NAME)";
				SWIFT_EMIT_LOC_STRINGS = YES;
				SWIFT_VERSION = 5.0;
				TARGETED_DEVICE_FAMILY = "1,2";
			};
			name = Debug;
		};
		DA93921E2A11D4BA005F6E64 /* Release */ = {
			isa = XCBuildConfiguration;
			buildSettings = {
				ASSETCATALOG_COMPILER_APPICON_NAME = AppIcon;
				ASSETCATALOG_COMPILER_GLOBAL_ACCENT_COLOR_NAME = AccentColor;
				CODE_SIGN_STYLE = Automatic;
				CURRENT_PROJECT_VERSION = 1;
				DEVELOPMENT_TEAM = 8ABULZGAUM;
				GENERATE_INFOPLIST_FILE = YES;
				INFOPLIST_FILE = CodeForum/Info.plist;
				INFOPLIST_KEY_UIApplicationSupportsIndirectInputEvents = YES;
				INFOPLIST_KEY_UILaunchStoryboardName = LaunchScreen;
				INFOPLIST_KEY_UIMainStoryboardFile = Main;
				INFOPLIST_KEY_UISupportedInterfaceOrientations_iPad = "UIInterfaceOrientationPortrait UIInterfaceOrientationPortraitUpsideDown UIInterfaceOrientationLandscapeLeft UIInterfaceOrientationLandscapeRight";
				INFOPLIST_KEY_UISupportedInterfaceOrientations_iPhone = "UIInterfaceOrientationPortrait UIInterfaceOrientationLandscapeLeft UIInterfaceOrientationLandscapeRight";
				LD_RUNPATH_SEARCH_PATHS = (
					"$(inherited)",
					"@executable_path/Frameworks",
				);
				MARKETING_VERSION = 1.0;
				PRODUCT_BUNDLE_IDENTIFIER = io.github.qhuiyan.CodeForum;
				PRODUCT_NAME = "$(TARGET_NAME)";
				SWIFT_EMIT_LOC_STRINGS = YES;
				SWIFT_VERSION = 5.0;
				TARGETED_DEVICE_FAMILY = "1,2";
			};
			name = Release;
		};
/* End XCBuildConfiguration section */

/* Begin XCConfigurationList section */
		DA9392002A11D4B8005F6E64 /* Build configuration list for PBXProject "CodeForum" */ = {
			isa = XCConfigurationList;
			buildConfigurations = (
				DA93921A2A11D4BA005F6E64 /* Debug */,
				DA93921B2A11D4BA005F6E64 /* Release */,
			);
			defaultConfigurationIsVisible = 0;
			defaultConfigurationName = Release;
		};
		DA93921C2A11D4BA005F6E64 /* Build configuration list for PBXNativeTarget "CodeForum" */ = {
			isa = XCConfigurationList;
			buildConfigurations = (
				DA93921D2A11D4BA005F6E64 /* Debug */,
				DA93921E2A11D4BA005F6E64 /* Release */,
			);
			defaultConfigurationIsVisible = 0;
			defaultConfigurationName = Release;
		};
/* End XCConfigurationList section */

/* Begin XCVersionGroup section */
		DA9392112A11D4B8005F6E64 /* CodeForum.xcdatamodeld */ = {
			isa = XCVersionGroup;
			children = (
				DA9392122A11D4B8005F6E64 /* CodeForum.xcdatamodel */,
			);
			currentVersion = DA9392122A11D4B8005F6E64 /* CodeForum.xcdatamodel */;
			path = CodeForum.xcdatamodeld;
			sourceTree = "<group>";
			versionGroupType = wrapper.xcdatamodel;
		};
/* End XCVersionGroup section */
	};
	rootObject = DA9391FD2A11D4B8005F6E64 /* Project object */;
}
