// !$*UTF8*$!
{
	archiveVersion = 1;
	classes = {
	};
	objectVersion = 56;
	objects = {

/* Begin PBXBuildFile section */
		DA09E2632A1DB577006B5CF6 /* FrameData.swift in Sources */ = {isa = PBXBuildFile; fileRef = DA09E2622A1DB577006B5CF6 /* FrameData.swift */; };
		DA30E1052A299BF800BE22C3 /* CourseData.plist in Resources */ = {isa = PBXBuildFile; fileRef = DA30E1042A299BF800BE22C3 /* CourseData.plist */; };
		DA30E1072A299C3000BE22C3 /* CourseImage.xcassets in Resources */ = {isa = PBXBuildFile; fileRef = DA30E1062A299C3000BE22C3 /* CourseImage.xcassets */; };
		DA30E10A2A2AF67200BE22C3 /* CourseViewController.swift in Sources */ = {isa = PBXBuildFile; fileRef = DA30E1092A2AF67200BE22C3 /* CourseViewController.swift */; };
		DA30E10D2A2B030300BE22C3 /* PaperViewController.swift in Sources */ = {isa = PBXBuildFile; fileRef = DA30E10C2A2B030300BE22C3 /* PaperViewController.swift */; };
		DA3705102A1B9CF00077DF05 /* AppDelegate.swift in Sources */ = {isa = PBXBuildFile; fileRef = DA37050F2A1B9CF00077DF05 /* AppDelegate.swift */; };
		DA3705122A1B9CF00077DF05 /* SceneDelegate.swift in Sources */ = {isa = PBXBuildFile; fileRef = DA3705112A1B9CF00077DF05 /* SceneDelegate.swift */; };
		DA3705142A1B9CF00077DF05 /* ViewController.swift in Sources */ = {isa = PBXBuildFile; fileRef = DA3705132A1B9CF00077DF05 /* ViewController.swift */; };
		DA3705172A1B9CF00077DF05 /* Main.storyboard in Resources */ = {isa = PBXBuildFile; fileRef = DA3705152A1B9CF00077DF05 /* Main.storyboard */; };
		DA37051A2A1B9CF00077DF05 /* CodeForum.xcdatamodeld in Sources */ = {isa = PBXBuildFile; fileRef = DA3705182A1B9CF00077DF05 /* CodeForum.xcdatamodeld */; };
		DA37051C2A1B9CF10077DF05 /* Assets.xcassets in Resources */ = {isa = PBXBuildFile; fileRef = DA37051B2A1B9CF10077DF05 /* Assets.xcassets */; };
		DA37051F2A1B9CF10077DF05 /* LaunchScreen.storyboard in Resources */ = {isa = PBXBuildFile; fileRef = DA37051D2A1B9CF10077DF05 /* LaunchScreen.storyboard */; };
		DA3705272A1B9D9F0077DF05 /* LearningViewController.swift in Sources */ = {isa = PBXBuildFile; fileRef = DA3705262A1B9D9F0077DF05 /* LearningViewController.swift */; };
		DA37052A2A1B9E0B0077DF05 /* DiscussViewController.swift in Sources */ = {isa = PBXBuildFile; fileRef = DA3705292A1B9E0B0077DF05 /* DiscussViewController.swift */; };
		DA37052C2A1B9E1F0077DF05 /* CollectionViewController.swift in Sources */ = {isa = PBXBuildFile; fileRef = DA37052B2A1B9E1F0077DF05 /* CollectionViewController.swift */; };
		DA37052E2A1B9E4E0077DF05 /* SearchViewController.swift in Sources */ = {isa = PBXBuildFile; fileRef = DA37052D2A1B9E4E0077DF05 /* SearchViewController.swift */; };
/* End PBXBuildFile section */

/* Begin PBXFileReference section */
		DA09E2622A1DB577006B5CF6 /* FrameData.swift */ = {isa = PBXFileReference; lastKnownFileType = sourcecode.swift; path = FrameData.swift; sourceTree = "<group>"; };
		DA30E1042A299BF800BE22C3 /* CourseData.plist */ = {isa = PBXFileReference; lastKnownFileType = text.plist.xml; path = CourseData.plist; sourceTree = "<group>"; };
		DA30E1062A299C3000BE22C3 /* CourseImage.xcassets */ = {isa = PBXFileReference; lastKnownFileType = folder.assetcatalog; path = CourseImage.xcassets; sourceTree = "<group>"; };
		DA30E1092A2AF67200BE22C3 /* CourseViewController.swift */ = {isa = PBXFileReference; lastKnownFileType = sourcecode.swift; path = CourseViewController.swift; sourceTree = "<group>"; };
		DA30E10C2A2B030300BE22C3 /* PaperViewController.swift */ = {isa = PBXFileReference; lastKnownFileType = sourcecode.swift; path = PaperViewController.swift; sourceTree = "<group>"; };
		DA37050C2A1B9CF00077DF05 /* CodeForum.app */ = {isa = PBXFileReference; explicitFileType = wrapper.application; includeInIndex = 0; path = CodeForum.app; sourceTree = BUILT_PRODUCTS_DIR; };
		DA37050F2A1B9CF00077DF05 /* AppDelegate.swift */ = {isa = PBXFileReference; lastKnownFileType = sourcecode.swift; path = AppDelegate.swift; sourceTree = "<group>"; };
		DA3705112A1B9CF00077DF05 /* SceneDelegate.swift */ = {isa = PBXFileReference; lastKnownFileType = sourcecode.swift; path = SceneDelegate.swift; sourceTree = "<group>"; };
		DA3705132A1B9CF00077DF05 /* ViewController.swift */ = {isa = PBXFileReference; lastKnownFileType = sourcecode.swift; path = ViewController.swift; sourceTree = "<group>"; };
		DA3705162A1B9CF00077DF05 /* Base */ = {isa = PBXFileReference; lastKnownFileType = file.storyboard; name = Base; path = Base.lproj/Main.storyboard; sourceTree = "<group>"; };
		DA3705192A1B9CF00077DF05 /* CodeForum.xcdatamodel */ = {isa = PBXFileReference; lastKnownFileType = wrapper.xcdatamodel; path = CodeForum.xcdatamodel; sourceTree = "<group>"; };
		DA37051B2A1B9CF10077DF05 /* Assets.xcassets */ = {isa = PBXFileReference; lastKnownFileType = folder.assetcatalog; path = Assets.xcassets; sourceTree = "<group>"; };
		DA37051E2A1B9CF10077DF05 /* Base */ = {isa = PBXFileReference; lastKnownFileType = file.storyboard; name = Base; path = Base.lproj/LaunchScreen.storyboard; sourceTree = "<group>"; };
		DA3705202A1B9CF10077DF05 /* Info.plist */ = {isa = PBXFileReference; lastKnownFileType = text.plist.xml; path = Info.plist; sourceTree = "<group>"; };
		DA3705262A1B9D9F0077DF05 /* LearningViewController.swift */ = {isa = PBXFileReference; lastKnownFileType = sourcecode.swift; path = LearningViewController.swift; sourceTree = "<group>"; };
		DA3705292A1B9E0B0077DF05 /* DiscussViewController.swift */ = {isa = PBXFileReference; lastKnownFileType = sourcecode.swift; path = DiscussViewController.swift; sourceTree = "<group>"; };
		DA37052B2A1B9E1F0077DF05 /* CollectionViewController.swift */ = {isa = PBXFileReference; lastKnownFileType = sourcecode.swift; path = CollectionViewController.swift; sourceTree = "<group>"; };
		DA37052D2A1B9E4E0077DF05 /* SearchViewController.swift */ = {isa = PBXFileReference; lastKnownFileType = sourcecode.swift; path = SearchViewController.swift; sourceTree = "<group>"; };
/* End PBXFileReference section */

/* Begin PBXFrameworksBuildPhase section */
		DA3705092A1B9CF00077DF05 /* Frameworks */ = {
			isa = PBXFrameworksBuildPhase;
			buildActionMask = 2147483647;
			files = (
			);
			runOnlyForDeploymentPostprocessing = 0;
		};
/* End PBXFrameworksBuildPhase section */

/* Begin PBXGroup section */
		DA30E1082A299C3700BE22C3 /* DataFile */ = {
			isa = PBXGroup;
			children = (
				DA30E1062A299C3000BE22C3 /* CourseImage.xcassets */,
				DA30E1042A299BF800BE22C3 /* CourseData.plist */,
			);
			path = DataFile;
			sourceTree = "<group>";
		};
		DA30E10B2A2AF67C00BE22C3 /* SecondViewController */ = {
			isa = PBXGroup;
			children = (
				DA30E1092A2AF67200BE22C3 /* CourseViewController.swift */,
				DA30E10C2A2B030300BE22C3 /* PaperViewController.swift */,
			);
			path = SecondViewController;
			sourceTree = "<group>";
		};
		DA3705032A1B9CF00077DF05 = {
			isa = PBXGroup;
			children = (
				DA37050E2A1B9CF00077DF05 /* CodeForum */,
				DA37050D2A1B9CF00077DF05 /* Products */,
			);
			sourceTree = "<group>";
		};
		DA37050D2A1B9CF00077DF05 /* Products */ = {
			isa = PBXGroup;
			children = (
				DA37050C2A1B9CF00077DF05 /* CodeForum.app */,
			);
			name = Products;
			sourceTree = "<group>";
		};
		DA37050E2A1B9CF00077DF05 /* CodeForum */ = {
			isa = PBXGroup;
			children = (
				DA37050F2A1B9CF00077DF05 /* AppDelegate.swift */,
				DA3705112A1B9CF00077DF05 /* SceneDelegate.swift */,
				DA3705132A1B9CF00077DF05 /* ViewController.swift */,
				DA09E2622A1DB577006B5CF6 /* FrameData.swift */,
				DA30E1082A299C3700BE22C3 /* DataFile */,
				DA3705282A1B9DC50077DF05 /* ViewController */,
				DA3705152A1B9CF00077DF05 /* Main.storyboard */,
				DA37051B2A1B9CF10077DF05 /* Assets.xcassets */,
				DA37051D2A1B9CF10077DF05 /* LaunchScreen.storyboard */,
				DA3705202A1B9CF10077DF05 /* Info.plist */,
				DA3705182A1B9CF00077DF05 /* CodeForum.xcdatamodeld */,
			);
			path = CodeForum;
			sourceTree = "<group>";
		};
		DA3705282A1B9DC50077DF05 /* ViewController */ = {
			isa = PBXGroup;
			children = (
				DA30E10B2A2AF67C00BE22C3 /* SecondViewController */,
				DA3705262A1B9D9F0077DF05 /* LearningViewController.swift */,
				DA3705292A1B9E0B0077DF05 /* DiscussViewController.swift */,
				DA37052B2A1B9E1F0077DF05 /* CollectionViewController.swift */,
				DA37052D2A1B9E4E0077DF05 /* SearchViewController.swift */,
			);
			path = ViewController;
			sourceTree = "<group>";
		};
/* End PBXGroup section */

/* Begin PBXNativeTarget section */
		DA37050B2A1B9CF00077DF05 /* CodeForum */ = {
			isa = PBXNativeTarget;
			buildConfigurationList = DA3705232A1B9CF10077DF05 /* Build configuration list for PBXNativeTarget "CodeForum" */;
			buildPhases = (
				DA3705082A1B9CF00077DF05 /* Sources */,
				DA3705092A1B9CF00077DF05 /* Frameworks */,
				DA37050A2A1B9CF00077DF05 /* Resources */,
			);
			buildRules = (
			);
			dependencies = (
			);
			name = CodeForum;
			productName = CodeForum;
			productReference = DA37050C2A1B9CF00077DF05 /* CodeForum.app */;
			productType = "com.apple.product-type.application";
		};
/* End PBXNativeTarget section */

/* Begin PBXProject section */
		DA3705042A1B9CF00077DF05 /* Project object */ = {
			isa = PBXProject;
			attributes = {
				BuildIndependentTargetsInParallel = 1;
				LastSwiftUpdateCheck = 1430;
				LastUpgradeCheck = 1430;
				TargetAttributes = {
					DA37050B2A1B9CF00077DF05 = {
						CreatedOnToolsVersion = 14.3;
					};
				};
			};
			buildConfigurationList = DA3705072A1B9CF00077DF05 /* Build configuration list for PBXProject "CodeForum" */;
			compatibilityVersion = "Xcode 14.0";
			developmentRegion = en;
			hasScannedForEncodings = 0;
			knownRegions = (
				en,
				Base,
			);
			mainGroup = DA3705032A1B9CF00077DF05;
			productRefGroup = DA37050D2A1B9CF00077DF05 /* Products */;
			projectDirPath = "";
			projectRoot = "";
			targets = (
				DA37050B2A1B9CF00077DF05 /* CodeForum */,
			);
		};
/* End PBXProject section */

/* Begin PBXResourcesBuildPhase section */
		DA37050A2A1B9CF00077DF05 /* Resources */ = {
			isa = PBXResourcesBuildPhase;
			buildActionMask = 2147483647;
			files = (
				DA30E1072A299C3000BE22C3 /* CourseImage.xcassets in Resources */,
				DA37051F2A1B9CF10077DF05 /* LaunchScreen.storyboard in Resources */,
				DA30E1052A299BF800BE22C3 /* CourseData.plist in Resources */,
				DA37051C2A1B9CF10077DF05 /* Assets.xcassets in Resources */,
				DA3705172A1B9CF00077DF05 /* Main.storyboard in Resources */,
			);
			runOnlyForDeploymentPostprocessing = 0;
		};
/* End PBXResourcesBuildPhase section */

/* Begin PBXSourcesBuildPhase section */
		DA3705082A1B9CF00077DF05 /* Sources */ = {
			isa = PBXSourcesBuildPhase;
			buildActionMask = 2147483647;
			files = (
				DA3705142A1B9CF00077DF05 /* ViewController.swift in Sources */,
				DA3705102A1B9CF00077DF05 /* AppDelegate.swift in Sources */,
				DA30E10D2A2B030300BE22C3 /* PaperViewController.swift in Sources */,
				DA09E2632A1DB577006B5CF6 /* FrameData.swift in Sources */,
				DA30E10A2A2AF67200BE22C3 /* CourseViewController.swift in Sources */,
				DA37052E2A1B9E4E0077DF05 /* SearchViewController.swift in Sources */,
				DA37051A2A1B9CF00077DF05 /* CodeForum.xcdatamodeld in Sources */,
				DA37052A2A1B9E0B0077DF05 /* DiscussViewController.swift in Sources */,
				DA37052C2A1B9E1F0077DF05 /* CollectionViewController.swift in Sources */,
				DA3705272A1B9D9F0077DF05 /* LearningViewController.swift in Sources */,
				DA3705122A1B9CF00077DF05 /* SceneDelegate.swift in Sources */,
			);
			runOnlyForDeploymentPostprocessing = 0;
		};
/* End PBXSourcesBuildPhase section */

/* Begin PBXVariantGroup section */
		DA3705152A1B9CF00077DF05 /* Main.storyboard */ = {
			isa = PBXVariantGroup;
			children = (
				DA3705162A1B9CF00077DF05 /* Base */,
			);
			name = Main.storyboard;
			sourceTree = "<group>";
		};
		DA37051D2A1B9CF10077DF05 /* LaunchScreen.storyboard */ = {
			isa = PBXVariantGroup;
			children = (
				DA37051E2A1B9CF10077DF05 /* Base */,
			);
			name = LaunchScreen.storyboard;
			sourceTree = "<group>";
		};
/* End PBXVariantGroup section */

/* Begin XCBuildConfiguration section */
		DA3705212A1B9CF10077DF05 /* Debug */ = {
			isa = XCBuildConfiguration;
			buildSettings = {
				ALWAYS_SEARCH_USER_PATHS = NO;
				CLANG_ANALYZER_NONNULL = YES;
				CLANG_ANALYZER_NUMBER_OBJECT_CONVERSION = YES_AGGRESSIVE;
				CLANG_CXX_LANGUAGE_STANDARD = "gnu++20";
				CLANG_ENABLE_MODULES = YES;
				CLANG_ENABLE_OBJC_ARC = YES;
				CLANG_ENABLE_OBJC_WEAK = YES;
				CLANG_WARN_BLOCK_CAPTURE_AUTORELEASING = YES;
				CLANG_WARN_BOOL_CONVERSION = YES;
				CLANG_WARN_COMMA = YES;
				CLANG_WARN_CONSTANT_CONVERSION = YES;
				CLANG_WARN_DEPRECATED_OBJC_IMPLEMENTATIONS = YES;
				CLANG_WARN_DIRECT_OBJC_ISA_USAGE = YES_ERROR;
				CLANG_WARN_DOCUMENTATION_COMMENTS = YES;
				CLANG_WARN_EMPTY_BODY = YES;
				CLANG_WARN_ENUM_CONVERSION = YES;
				CLANG_WARN_INFINITE_RECURSION = YES;
				CLANG_WARN_INT_CONVERSION = YES;
				CLANG_WARN_NON_LITERAL_NULL_CONVERSION = YES;
				CLANG_WARN_OBJC_IMPLICIT_RETAIN_SELF = YES;
				CLANG_WARN_OBJC_LITERAL_CONVERSION = YES;
				CLANG_WARN_OBJC_ROOT_CLASS = YES_ERROR;
				CLANG_WARN_QUOTED_INCLUDE_IN_FRAMEWORK_HEADER = YES;
				CLANG_WARN_RANGE_LOOP_ANALYSIS = YES;
				CLANG_WARN_STRICT_PROTOTYPES = YES;
				CLANG_WARN_SUSPICIOUS_MOVE = YES;
				CLANG_WARN_UNGUARDED_AVAILABILITY = YES_AGGRESSIVE;
				CLANG_WARN_UNREACHABLE_CODE = YES;
				CLANG_WARN__DUPLICATE_METHOD_MATCH = YES;
				COPY_PHASE_STRIP = NO;
				DEBUG_INFORMATION_FORMAT = dwarf;
				ENABLE_STRICT_OBJC_MSGSEND = YES;
				ENABLE_TESTABILITY = YES;
				GCC_C_LANGUAGE_STANDARD = gnu11;
				GCC_DYNAMIC_NO_PIC = NO;
				GCC_NO_COMMON_BLOCKS = YES;
				GCC_OPTIMIZATION_LEVEL = 0;
				GCC_PREPROCESSOR_DEFINITIONS = (
					"DEBUG=1",
					"$(inherited)",
				);
				GCC_WARN_64_TO_32_BIT_CONVERSION = YES;
				GCC_WARN_ABOUT_RETURN_TYPE = YES_ERROR;
				GCC_WARN_UNDECLARED_SELECTOR = YES;
				GCC_WARN_UNINITIALIZED_AUTOS = YES_AGGRESSIVE;
				GCC_WARN_UNUSED_FUNCTION = YES;
				GCC_WARN_UNUSED_VARIABLE = YES;
				IPHONEOS_DEPLOYMENT_TARGET = 16.4;
				MTL_ENABLE_DEBUG_INFO = INCLUDE_SOURCE;
				MTL_FAST_MATH = YES;
				ONLY_ACTIVE_ARCH = YES;
				SDKROOT = iphoneos;
				SWIFT_ACTIVE_COMPILATION_CONDITIONS = DEBUG;
				SWIFT_OPTIMIZATION_LEVEL = "-Onone";
			};
			name = Debug;
		};
		DA3705222A1B9CF10077DF05 /* Release */ = {
			isa = XCBuildConfiguration;
			buildSettings = {
				ALWAYS_SEARCH_USER_PATHS = NO;
				CLANG_ANALYZER_NONNULL = YES;
				CLANG_ANALYZER_NUMBER_OBJECT_CONVERSION = YES_AGGRESSIVE;
				CLANG_CXX_LANGUAGE_STANDARD = "gnu++20";
				CLANG_ENABLE_MODULES = YES;
				CLANG_ENABLE_OBJC_ARC = YES;
				CLANG_ENABLE_OBJC_WEAK = YES;
				CLANG_WARN_BLOCK_CAPTURE_AUTORELEASING = YES;
				CLANG_WARN_BOOL_CONVERSION = YES;
				CLANG_WARN_COMMA = YES;
				CLANG_WARN_CONSTANT_CONVERSION = YES;
				CLANG_WARN_DEPRECATED_OBJC_IMPLEMENTATIONS = YES;
				CLANG_WARN_DIRECT_OBJC_ISA_USAGE = YES_ERROR;
				CLANG_WARN_DOCUMENTATION_COMMENTS = YES;
				CLANG_WARN_EMPTY_BODY = YES;
				CLANG_WARN_ENUM_CONVERSION = YES;
				CLANG_WARN_INFINITE_RECURSION = YES;
				CLANG_WARN_INT_CONVERSION = YES;
				CLANG_WARN_NON_LITERAL_NULL_CONVERSION = YES;
				CLANG_WARN_OBJC_IMPLICIT_RETAIN_SELF = YES;
				CLANG_WARN_OBJC_LITERAL_CONVERSION = YES;
				CLANG_WARN_OBJC_ROOT_CLASS = YES_ERROR;
				CLANG_WARN_QUOTED_INCLUDE_IN_FRAMEWORK_HEADER = YES;
				CLANG_WARN_RANGE_LOOP_ANALYSIS = YES;
				CLANG_WARN_STRICT_PROTOTYPES = YES;
				CLANG_WARN_SUSPICIOUS_MOVE = YES;
				CLANG_WARN_UNGUARDED_AVAILABILITY = YES_AGGRESSIVE;
				CLANG_WARN_UNREACHABLE_CODE = YES;
				CLANG_WARN__DUPLICATE_METHOD_MATCH = YES;
				COPY_PHASE_STRIP = NO;
				DEBUG_INFORMATION_FORMAT = "dwarf-with-dsym";
				ENABLE_NS_ASSERTIONS = NO;
				ENABLE_STRICT_OBJC_MSGSEND = YES;
				GCC_C_LANGUAGE_STANDARD = gnu11;
				GCC_NO_COMMON_BLOCKS = YES;
				GCC_WARN_64_TO_32_BIT_CONVERSION = YES;
				GCC_WARN_ABOUT_RETURN_TYPE = YES_ERROR;
				GCC_WARN_UNDECLARED_SELECTOR = YES;
				GCC_WARN_UNINITIALIZED_AUTOS = YES_AGGRESSIVE;
				GCC_WARN_UNUSED_FUNCTION = YES;
				GCC_WARN_UNUSED_VARIABLE = YES;
				IPHONEOS_DEPLOYMENT_TARGET = 16.4;
				MTL_ENABLE_DEBUG_INFO = NO;
				MTL_FAST_MATH = YES;
				SDKROOT = iphoneos;
				SWIFT_COMPILATION_MODE = wholemodule;
				SWIFT_OPTIMIZATION_LEVEL = "-O";
				VALIDATE_PRODUCT = YES;
			};
			name = Release;
		};
		DA3705242A1B9CF10077DF05 /* Debug */ = {
			isa = XCBuildConfiguration;
			buildSettings = {
				ASSETCATALOG_COMPILER_APPICON_NAME = AppIcon;
				ASSETCATALOG_COMPILER_GLOBAL_ACCENT_COLOR_NAME = AccentColor;
				CODE_SIGN_STYLE = Automatic;
				CURRENT_PROJECT_VERSION = 1;
				DEVELOPMENT_TEAM = 8ABULZGAUM;
				GENERATE_INFOPLIST_FILE = YES;
				INFOPLIST_FILE = CodeForum/Info.plist;
				INFOPLIST_KEY_UIApplicationSupportsIndirectInputEvents = YES;
				INFOPLIST_KEY_UILaunchStoryboardName = LaunchScreen;
				INFOPLIST_KEY_UIMainStoryboardFile = Main;
				INFOPLIST_KEY_UISupportedInterfaceOrientations = UIInterfaceOrientationPortrait;
				INFOPLIST_KEY_UISupportedInterfaceOrientations_iPad = "UIInterfaceOrientationLandscapeLeft UIInterfaceOrientationLandscapeRight UIInterfaceOrientationPortrait UIInterfaceOrientationPortraitUpsideDown";
				LD_RUNPATH_SEARCH_PATHS = (
					"$(inherited)",
					"@executable_path/Frameworks",
				);
				MARKETING_VERSION = 1.0;
				PRODUCT_BUNDLE_IDENTIFIER = io.github.qhuiyan.CodeForum;
				PRODUCT_NAME = "$(TARGET_NAME)";
				SWIFT_EMIT_LOC_STRINGS = YES;
				SWIFT_VERSION = 5.0;
				TARGETED_DEVICE_FAMILY = "1,2";
			};
			name = Debug;
		};
		DA3705252A1B9CF10077DF05 /* Release */ = {
			isa = XCBuildConfiguration;
			buildSettings = {
				ASSETCATALOG_COMPILER_APPICON_NAME = AppIcon;
				ASSETCATALOG_COMPILER_GLOBAL_ACCENT_COLOR_NAME = AccentColor;
				CODE_SIGN_STYLE = Automatic;
				CURRENT_PROJECT_VERSION = 1;
				DEVELOPMENT_TEAM = 8ABULZGAUM;
				GENERATE_INFOPLIST_FILE = YES;
				INFOPLIST_FILE = CodeForum/Info.plist;
				INFOPLIST_KEY_UIApplicationSupportsIndirectInputEvents = YES;
				INFOPLIST_KEY_UILaunchStoryboardName = LaunchScreen;
				INFOPLIST_KEY_UIMainStoryboardFile = Main;
				INFOPLIST_KEY_UISupportedInterfaceOrientations = UIInterfaceOrientationPortrait;
				INFOPLIST_KEY_UISupportedInterfaceOrientations_iPad = "UIInterfaceOrientationLandscapeLeft UIInterfaceOrientationLandscapeRight UIInterfaceOrientationPortrait UIInterfaceOrientationPortraitUpsideDown";
				LD_RUNPATH_SEARCH_PATHS = (
					"$(inherited)",
					"@executable_path/Frameworks",
				);
				MARKETING_VERSION = 1.0;
				PRODUCT_BUNDLE_IDENTIFIER = io.github.qhuiyan.CodeForum;
				PRODUCT_NAME = "$(TARGET_NAME)";
				SWIFT_EMIT_LOC_STRINGS = YES;
				SWIFT_VERSION = 5.0;
				TARGETED_DEVICE_FAMILY = "1,2";
			};
			name = Release;
		};
/* End XCBuildConfiguration section */

/* Begin XCConfigurationList section */
		DA3705072A1B9CF00077DF05 /* Build configuration list for PBXProject "CodeForum" */ = {
			isa = XCConfigurationList;
			buildConfigurations = (
				DA3705212A1B9CF10077DF05 /* Debug */,
				DA3705222A1B9CF10077DF05 /* Release */,
			);
			defaultConfigurationIsVisible = 0;
			defaultConfigurationName = Release;
		};
		DA3705232A1B9CF10077DF05 /* Build configuration list for PBXNativeTarget "CodeForum" */ = {
			isa = XCConfigurationList;
			buildConfigurations = (
				DA3705242A1B9CF10077DF05 /* Debug */,
				DA3705252A1B9CF10077DF05 /* Release */,
			);
			defaultConfigurationIsVisible = 0;
			defaultConfigurationName = Release;
		};
/* End XCConfigurationList section */

/* Begin XCVersionGroup section */
		DA3705182A1B9CF00077DF05 /* CodeForum.xcdatamodeld */ = {
			isa = XCVersionGroup;
			children = (
				DA3705192A1B9CF00077DF05 /* CodeForum.xcdatamodel */,
			);
			currentVersion = DA3705192A1B9CF00077DF05 /* CodeForum.xcdatamodel */;
			path = CodeForum.xcdatamodeld;
			sourceTree = "<group>";
			versionGroupType = wrapper.xcdatamodel;
		};
/* End XCVersionGroup section */
	};
	rootObject = DA3705042A1B9CF00077DF05 /* Project object */;
}
