// !$*UTF8*$!
{
	archiveVersion = 1;
	classes = {
	};
	objectVersion = 56;
	objects = {

/* Begin PBXBuildFile section */
		DA50BD7729C1637800AA5C4F /* AppDelegate.swift in Sources */ = {isa = PBXBuildFile; fileRef = DA50BD7629C1637800AA5C4F /* AppDelegate.swift */; };
		DA50BD7929C1637800AA5C4F /* SceneDelegate.swift in Sources */ = {isa = PBXBuildFile; fileRef = DA50BD7829C1637800AA5C4F /* SceneDelegate.swift */; };
		DA50BD7B29C1637800AA5C4F /* ViewController.swift in Sources */ = {isa = PBXBuildFile; fileRef = DA50BD7A29C1637800AA5C4F /* ViewController.swift */; };
		DA50BD7E29C1637800AA5C4F /* Main.storyboard in Resources */ = {isa = PBXBuildFile; fileRef = DA50BD7C29C1637800AA5C4F /* Main.storyboard */; };
		DA50BD8129C1637800AA5C4F /* login.xcdatamodeld in Sources */ = {isa = PBXBuildFile; fileRef = DA50BD7F29C1637800AA5C4F /* login.xcdatamodeld */; };
		DA50BD8329C1637900AA5C4F /* Assets.xcassets in Resources */ = {isa = PBXBuildFile; fileRef = DA50BD8229C1637900AA5C4F /* Assets.xcassets */; };
		DA50BD8629C1637900AA5C4F /* LaunchScreen.storyboard in Resources */ = {isa = PBXBuildFile; fileRef = DA50BD8429C1637900AA5C4F /* LaunchScreen.storyboard */; };
		DA50BD9129C1637900AA5C4F /* loginTests.swift in Sources */ = {isa = PBXBuildFile; fileRef = DA50BD9029C1637900AA5C4F /* loginTests.swift */; };
		DA50BD9B29C1637900AA5C4F /* loginUITests.swift in Sources */ = {isa = PBXBuildFile; fileRef = DA50BD9A29C1637900AA5C4F /* loginUITests.swift */; };
		DA50BD9D29C1637900AA5C4F /* loginUITestsLaunchTests.swift in Sources */ = {isa = PBXBuildFile; fileRef = DA50BD9C29C1637900AA5C4F /* loginUITestsLaunchTests.swift */; };
/* End PBXBuildFile section */

/* Begin PBXContainerItemProxy section */
		DA50BD8D29C1637900AA5C4F /* PBXContainerItemProxy */ = {
			isa = PBXContainerItemProxy;
			containerPortal = DA50BD6B29C1637800AA5C4F /* Project object */;
			proxyType = 1;
			remoteGlobalIDString = DA50BD7229C1637800AA5C4F;
			remoteInfo = login;
		};
		DA50BD9729C1637900AA5C4F /* PBXContainerItemProxy */ = {
			isa = PBXContainerItemProxy;
			containerPortal = DA50BD6B29C1637800AA5C4F /* Project object */;
			proxyType = 1;
			remoteGlobalIDString = DA50BD7229C1637800AA5C4F;
			remoteInfo = login;
		};
/* End PBXContainerItemProxy section */

/* Begin PBXFileReference section */
		DA50BD7329C1637800AA5C4F /* login.app */ = {isa = PBXFileReference; explicitFileType = wrapper.application; includeInIndex = 0; path = login.app; sourceTree = BUILT_PRODUCTS_DIR; };
		DA50BD7629C1637800AA5C4F /* AppDelegate.swift */ = {isa = PBXFileReference; lastKnownFileType = sourcecode.swift; path = AppDelegate.swift; sourceTree = "<group>"; };
		DA50BD7829C1637800AA5C4F /* SceneDelegate.swift */ = {isa = PBXFileReference; lastKnownFileType = sourcecode.swift; path = SceneDelegate.swift; sourceTree = "<group>"; };
		DA50BD7A29C1637800AA5C4F /* ViewController.swift */ = {isa = PBXFileReference; lastKnownFileType = sourcecode.swift; path = ViewController.swift; sourceTree = "<group>"; };
		DA50BD7D29C1637800AA5C4F /* Base */ = {isa = PBXFileReference; lastKnownFileType = file.storyboard; name = Base; path = Base.lproj/Main.storyboard; sourceTree = "<group>"; };
		DA50BD8029C1637800AA5C4F /* login.xcdatamodel */ = {isa = PBXFileReference; lastKnownFileType = wrapper.xcdatamodel; path = login.xcdatamodel; sourceTree = "<group>"; };
		DA50BD8229C1637900AA5C4F /* Assets.xcassets */ = {isa = PBXFileReference; lastKnownFileType = folder.assetcatalog; path = Assets.xcassets; sourceTree = "<group>"; };
		DA50BD8529C1637900AA5C4F /* Base */ = {isa = PBXFileReference; lastKnownFileType = file.storyboard; name = Base; path = Base.lproj/LaunchScreen.storyboard; sourceTree = "<group>"; };
		DA50BD8729C1637900AA5C4F /* Info.plist */ = {isa = PBXFileReference; lastKnownFileType = text.plist.xml; path = Info.plist; sourceTree = "<group>"; };
		DA50BD8C29C1637900AA5C4F /* loginTests.xctest */ = {isa = PBXFileReference; explicitFileType = wrapper.cfbundle; includeInIndex = 0; path = loginTests.xctest; sourceTree = BUILT_PRODUCTS_DIR; };
		DA50BD9029C1637900AA5C4F /* loginTests.swift */ = {isa = PBXFileReference; lastKnownFileType = sourcecode.swift; path = loginTests.swift; sourceTree = "<group>"; };
		DA50BD9629C1637900AA5C4F /* loginUITests.xctest */ = {isa = PBXFileReference; explicitFileType = wrapper.cfbundle; includeInIndex = 0; path = loginUITests.xctest; sourceTree = BUILT_PRODUCTS_DIR; };
		DA50BD9A29C1637900AA5C4F /* loginUITests.swift */ = {isa = PBXFileReference; lastKnownFileType = sourcecode.swift; path = loginUITests.swift; sourceTree = "<group>"; };
		DA50BD9C29C1637900AA5C4F /* loginUITestsLaunchTests.swift */ = {isa = PBXFileReference; lastKnownFileType = sourcecode.swift; path = loginUITestsLaunchTests.swift; sourceTree = "<group>"; };
/* End PBXFileReference section */

/* Begin PBXFrameworksBuildPhase section */
		DA50BD7029C1637800AA5C4F /* Frameworks */ = {
			isa = PBXFrameworksBuildPhase;
			buildActionMask = 2147483647;
			files = (
			);
			runOnlyForDeploymentPostprocessing = 0;
		};
		DA50BD8929C1637900AA5C4F /* Frameworks */ = {
			isa = PBXFrameworksBuildPhase;
			buildActionMask = 2147483647;
			files = (
			);
			runOnlyForDeploymentPostprocessing = 0;
		};
		DA50BD9329C1637900AA5C4F /* Frameworks */ = {
			isa = PBXFrameworksBuildPhase;
			buildActionMask = 2147483647;
			files = (
			);
			runOnlyForDeploymentPostprocessing = 0;
		};
/* End PBXFrameworksBuildPhase section */

/* Begin PBXGroup section */
		DA50BD6A29C1637800AA5C4F = {
			isa = PBXGroup;
			children = (
				DA50BD7529C1637800AA5C4F /* login */,
				DA50BD8F29C1637900AA5C4F /* loginTests */,
				DA50BD9929C1637900AA5C4F /* loginUITests */,
				DA50BD7429C1637800AA5C4F /* Products */,
			);
			sourceTree = "<group>";
		};
		DA50BD7429C1637800AA5C4F /* Products */ = {
			isa = PBXGroup;
			children = (
				DA50BD7329C1637800AA5C4F /* login.app */,
				DA50BD8C29C1637900AA5C4F /* loginTests.xctest */,
				DA50BD9629C1637900AA5C4F /* loginUITests.xctest */,
			);
			name = Products;
			sourceTree = "<group>";
		};
		DA50BD7529C1637800AA5C4F /* login */ = {
			isa = PBXGroup;
			children = (
				DA50BD7629C1637800AA5C4F /* AppDelegate.swift */,
				DA50BD7829C1637800AA5C4F /* SceneDelegate.swift */,
				DA50BD7A29C1637800AA5C4F /* ViewController.swift */,
				DA50BD7C29C1637800AA5C4F /* Main.storyboard */,
				DA50BD8229C1637900AA5C4F /* Assets.xcassets */,
				DA50BD8429C1637900AA5C4F /* LaunchScreen.storyboard */,
				DA50BD8729C1637900AA5C4F /* Info.plist */,
				DA50BD7F29C1637800AA5C4F /* login.xcdatamodeld */,
			);
			path = login;
			sourceTree = "<group>";
		};
		DA50BD8F29C1637900AA5C4F /* loginTests */ = {
			isa = PBXGroup;
			children = (
				DA50BD9029C1637900AA5C4F /* loginTests.swift */,
			);
			path = loginTests;
			sourceTree = "<group>";
		};
		DA50BD9929C1637900AA5C4F /* loginUITests */ = {
			isa = PBXGroup;
			children = (
				DA50BD9A29C1637900AA5C4F /* loginUITests.swift */,
				DA50BD9C29C1637900AA5C4F /* loginUITestsLaunchTests.swift */,
			);
			path = loginUITests;
			sourceTree = "<group>";
		};
/* End PBXGroup section */

/* Begin PBXNativeTarget section */
		DA50BD7229C1637800AA5C4F /* login */ = {
			isa = PBXNativeTarget;
			buildConfigurationList = DA50BDA029C1637900AA5C4F /* Build configuration list for PBXNativeTarget "login" */;
			buildPhases = (
				DA50BD6F29C1637800AA5C4F /* Sources */,
				DA50BD7029C1637800AA5C4F /* Frameworks */,
				DA50BD7129C1637800AA5C4F /* Resources */,
			);
			buildRules = (
			);
			dependencies = (
			);
			name = login;
			productName = login;
			productReference = DA50BD7329C1637800AA5C4F /* login.app */;
			productType = "com.apple.product-type.application";
		};
		DA50BD8B29C1637900AA5C4F /* loginTests */ = {
			isa = PBXNativeTarget;
			buildConfigurationList = DA50BDA329C1637900AA5C4F /* Build configuration list for PBXNativeTarget "loginTests" */;
			buildPhases = (
				DA50BD8829C1637900AA5C4F /* Sources */,
				DA50BD8929C1637900AA5C4F /* Frameworks */,
				DA50BD8A29C1637900AA5C4F /* Resources */,
			);
			buildRules = (
			);
			dependencies = (
				DA50BD8E29C1637900AA5C4F /* PBXTargetDependency */,
			);
			name = loginTests;
			productName = loginTests;
			productReference = DA50BD8C29C1637900AA5C4F /* loginTests.xctest */;
			productType = "com.apple.product-type.bundle.unit-test";
		};
		DA50BD9529C1637900AA5C4F /* loginUITests */ = {
			isa = PBXNativeTarget;
			buildConfigurationList = DA50BDA629C1637900AA5C4F /* Build configuration list for PBXNativeTarget "loginUITests" */;
			buildPhases = (
				DA50BD9229C1637900AA5C4F /* Sources */,
				DA50BD9329C1637900AA5C4F /* Frameworks */,
				DA50BD9429C1637900AA5C4F /* Resources */,
			);
			buildRules = (
			);
			dependencies = (
				DA50BD9829C1637900AA5C4F /* PBXTargetDependency */,
			);
			name = loginUITests;
			productName = loginUITests;
			productReference = DA50BD9629C1637900AA5C4F /* loginUITests.xctest */;
			productType = "com.apple.product-type.bundle.ui-testing";
		};
/* End PBXNativeTarget section */

/* Begin PBXProject section */
		DA50BD6B29C1637800AA5C4F /* Project object */ = {
			isa = PBXProject;
			attributes = {
				BuildIndependentTargetsInParallel = 1;
				LastSwiftUpdateCheck = 1420;
				LastUpgradeCheck = 1420;
				TargetAttributes = {
					DA50BD7229C1637800AA5C4F = {
						CreatedOnToolsVersion = 14.2;
					};
					DA50BD8B29C1637900AA5C4F = {
						CreatedOnToolsVersion = 14.2;
						TestTargetID = DA50BD7229C1637800AA5C4F;
					};
					DA50BD9529C1637900AA5C4F = {
						CreatedOnToolsVersion = 14.2;
						TestTargetID = DA50BD7229C1637800AA5C4F;
					};
				};
			};
			buildConfigurationList = DA50BD6E29C1637800AA5C4F /* Build configuration list for PBXProject "login" */;
			compatibilityVersion = "Xcode 14.0";
			developmentRegion = en;
			hasScannedForEncodings = 0;
			knownRegions = (
				en,
				Base,
			);
			mainGroup = DA50BD6A29C1637800AA5C4F;
			productRefGroup = DA50BD7429C1637800AA5C4F /* Products */;
			projectDirPath = "";
			projectRoot = "";
			targets = (
				DA50BD7229C1637800AA5C4F /* login */,
				DA50BD8B29C1637900AA5C4F /* loginTests */,
				DA50BD9529C1637900AA5C4F /* loginUITests */,
			);
		};
/* End PBXProject section */

/* Begin PBXResourcesBuildPhase section */
		DA50BD7129C1637800AA5C4F /* Resources */ = {
			isa = PBXResourcesBuildPhase;
			buildActionMask = 2147483647;
			files = (
				DA50BD8629C1637900AA5C4F /* LaunchScreen.storyboard in Resources */,
				DA50BD8329C1637900AA5C4F /* Assets.xcassets in Resources */,
				DA50BD7E29C1637800AA5C4F /* Main.storyboard in Resources */,
			);
			runOnlyForDeploymentPostprocessing = 0;
		};
		DA50BD8A29C1637900AA5C4F /* Resources */ = {
			isa = PBXResourcesBuildPhase;
			buildActionMask = 2147483647;
			files = (
			);
			runOnlyForDeploymentPostprocessing = 0;
		};
		DA50BD9429C1637900AA5C4F /* Resources */ = {
			isa = PBXResourcesBuildPhase;
			buildActionMask = 2147483647;
			files = (
			);
			runOnlyForDeploymentPostprocessing = 0;
		};
/* End PBXResourcesBuildPhase section */

/* Begin PBXSourcesBuildPhase section */
		DA50BD6F29C1637800AA5C4F /* Sources */ = {
			isa = PBXSourcesBuildPhase;
			buildActionMask = 2147483647;
			files = (
				DA50BD7B29C1637800AA5C4F /* ViewController.swift in Sources */,
				DA50BD7729C1637800AA5C4F /* AppDelegate.swift in Sources */,
				DA50BD7929C1637800AA5C4F /* SceneDelegate.swift in Sources */,
				DA50BD8129C1637800AA5C4F /* login.xcdatamodeld in Sources */,
			);
			runOnlyForDeploymentPostprocessing = 0;
		};
		DA50BD8829C1637900AA5C4F /* Sources */ = {
			isa = PBXSourcesBuildPhase;
			buildActionMask = 2147483647;
			files = (
				DA50BD9129C1637900AA5C4F /* loginTests.swift in Sources */,
			);
			runOnlyForDeploymentPostprocessing = 0;
		};
		DA50BD9229C1637900AA5C4F /* Sources */ = {
			isa = PBXSourcesBuildPhase;
			buildActionMask = 2147483647;
			files = (
				DA50BD9D29C1637900AA5C4F /* loginUITestsLaunchTests.swift in Sources */,
				DA50BD9B29C1637900AA5C4F /* loginUITests.swift in Sources */,
			);
			runOnlyForDeploymentPostprocessing = 0;
		};
/* End PBXSourcesBuildPhase section */

/* Begin PBXTargetDependency section */
		DA50BD8E29C1637900AA5C4F /* PBXTargetDependency */ = {
			isa = PBXTargetDependency;
			target = DA50BD7229C1637800AA5C4F /* login */;
			targetProxy = DA50BD8D29C1637900AA5C4F /* PBXContainerItemProxy */;
		};
		DA50BD9829C1637900AA5C4F /* PBXTargetDependency */ = {
			isa = PBXTargetDependency;
			target = DA50BD7229C1637800AA5C4F /* login */;
			targetProxy = DA50BD9729C1637900AA5C4F /* PBXContainerItemProxy */;
		};
/* End PBXTargetDependency section */

/* Begin PBXVariantGroup section */
		DA50BD7C29C1637800AA5C4F /* Main.storyboard */ = {
			isa = PBXVariantGroup;
			children = (
				DA50BD7D29C1637800AA5C4F /* Base */,
			);
			name = Main.storyboard;
			sourceTree = "<group>";
		};
		DA50BD8429C1637900AA5C4F /* LaunchScreen.storyboard */ = {
			isa = PBXVariantGroup;
			children = (
				DA50BD8529C1637900AA5C4F /* Base */,
			);
			name = LaunchScreen.storyboard;
			sourceTree = "<group>";
		};
/* End PBXVariantGroup section */

/* Begin XCBuildConfiguration section */
		DA50BD9E29C1637900AA5C4F /* Debug */ = {
			isa = XCBuildConfiguration;
			buildSettings = {
				ALWAYS_SEARCH_USER_PATHS = NO;
				CLANG_ANALYZER_NONNULL = YES;
				CLANG_ANALYZER_NUMBER_OBJECT_CONVERSION = YES_AGGRESSIVE;
				CLANG_CXX_LANGUAGE_STANDARD = "gnu++20";
				CLANG_ENABLE_MODULES = YES;
				CLANG_ENABLE_OBJC_ARC = YES;
				CLANG_ENABLE_OBJC_WEAK = YES;
				CLANG_WARN_BLOCK_CAPTURE_AUTORELEASING = YES;
				CLANG_WARN_BOOL_CONVERSION = YES;
				CLANG_WARN_COMMA = YES;
				CLANG_WARN_CONSTANT_CONVERSION = YES;
				CLANG_WARN_DEPRECATED_OBJC_IMPLEMENTATIONS = YES;
				CLANG_WARN_DIRECT_OBJC_ISA_USAGE = YES_ERROR;
				CLANG_WARN_DOCUMENTATION_COMMENTS = YES;
				CLANG_WARN_EMPTY_BODY = YES;
				CLANG_WARN_ENUM_CONVERSION = YES;
				CLANG_WARN_INFINITE_RECURSION = YES;
				CLANG_WARN_INT_CONVERSION = YES;
				CLANG_WARN_NON_LITERAL_NULL_CONVERSION = YES;
				CLANG_WARN_OBJC_IMPLICIT_RETAIN_SELF = YES;
				CLANG_WARN_OBJC_LITERAL_CONVERSION = YES;
				CLANG_WARN_OBJC_ROOT_CLASS = YES_ERROR;
				CLANG_WARN_QUOTED_INCLUDE_IN_FRAMEWORK_HEADER = YES;
				CLANG_WARN_RANGE_LOOP_ANALYSIS = YES;
				CLANG_WARN_STRICT_PROTOTYPES = YES;
				CLANG_WARN_SUSPICIOUS_MOVE = YES;
				CLANG_WARN_UNGUARDED_AVAILABILITY = YES_AGGRESSIVE;
				CLANG_WARN_UNREACHABLE_CODE = YES;
				CLANG_WARN__DUPLICATE_METHOD_MATCH = YES;
				COPY_PHASE_STRIP = NO;
				DEBUG_INFORMATION_FORMAT = dwarf;
				ENABLE_STRICT_OBJC_MSGSEND = YES;
				ENABLE_TESTABILITY = YES;
				GCC_C_LANGUAGE_STANDARD = gnu11;
				GCC_DYNAMIC_NO_PIC = NO;
				GCC_NO_COMMON_BLOCKS = YES;
				GCC_OPTIMIZATION_LEVEL = 0;
				GCC_PREPROCESSOR_DEFINITIONS = (
					"DEBUG=1",
					"$(inherited)",
				);
				GCC_WARN_64_TO_32_BIT_CONVERSION = YES;
				GCC_WARN_ABOUT_RETURN_TYPE = YES_ERROR;
				GCC_WARN_UNDECLARED_SELECTOR = YES;
				GCC_WARN_UNINITIALIZED_AUTOS = YES_AGGRESSIVE;
				GCC_WARN_UNUSED_FUNCTION = YES;
				GCC_WARN_UNUSED_VARIABLE = YES;
				IPHONEOS_DEPLOYMENT_TARGET = 16.2;
				MTL_ENABLE_DEBUG_INFO = INCLUDE_SOURCE;
				MTL_FAST_MATH = YES;
				ONLY_ACTIVE_ARCH = YES;
				SDKROOT = iphoneos;
				SWIFT_ACTIVE_COMPILATION_CONDITIONS = DEBUG;
				SWIFT_OPTIMIZATION_LEVEL = "-Onone";
			};
			name = Debug;
		};
		DA50BD9F29C1637900AA5C4F /* Release */ = {
			isa = XCBuildConfiguration;
			buildSettings = {
				ALWAYS_SEARCH_USER_PATHS = NO;
				CLANG_ANALYZER_NONNULL = YES;
				CLANG_ANALYZER_NUMBER_OBJECT_CONVERSION = YES_AGGRESSIVE;
				CLANG_CXX_LANGUAGE_STANDARD = "gnu++20";
				CLANG_ENABLE_MODULES = YES;
				CLANG_ENABLE_OBJC_ARC = YES;
				CLANG_ENABLE_OBJC_WEAK = YES;
				CLANG_WARN_BLOCK_CAPTURE_AUTORELEASING = YES;
				CLANG_WARN_BOOL_CONVERSION = YES;
				CLANG_WARN_COMMA = YES;
				CLANG_WARN_CONSTANT_CONVERSION = YES;
				CLANG_WARN_DEPRECATED_OBJC_IMPLEMENTATIONS = YES;
				CLANG_WARN_DIRECT_OBJC_ISA_USAGE = YES_ERROR;
				CLANG_WARN_DOCUMENTATION_COMMENTS = YES;
				CLANG_WARN_EMPTY_BODY = YES;
				CLANG_WARN_ENUM_CONVERSION = YES;
				CLANG_WARN_INFINITE_RECURSION = YES;
				CLANG_WARN_INT_CONVERSION = YES;
				CLANG_WARN_NON_LITERAL_NULL_CONVERSION = YES;
				CLANG_WARN_OBJC_IMPLICIT_RETAIN_SELF = YES;
				CLANG_WARN_OBJC_LITERAL_CONVERSION = YES;
				CLANG_WARN_OBJC_ROOT_CLASS = YES_ERROR;
				CLANG_WARN_QUOTED_INCLUDE_IN_FRAMEWORK_HEADER = YES;
				CLANG_WARN_RANGE_LOOP_ANALYSIS = YES;
				CLANG_WARN_STRICT_PROTOTYPES = YES;
				CLANG_WARN_SUSPICIOUS_MOVE = YES;
				CLANG_WARN_UNGUARDED_AVAILABILITY = YES_AGGRESSIVE;
				CLANG_WARN_UNREACHABLE_CODE = YES;
				CLANG_WARN__DUPLICATE_METHOD_MATCH = YES;
				COPY_PHASE_STRIP = NO;
				DEBUG_INFORMATION_FORMAT = "dwarf-with-dsym";
				ENABLE_NS_ASSERTIONS = NO;
				ENABLE_STRICT_OBJC_MSGSEND = YES;
				GCC_C_LANGUAGE_STANDARD = gnu11;
				GCC_NO_COMMON_BLOCKS = YES;
				GCC_WARN_64_TO_32_BIT_CONVERSION = YES;
				GCC_WARN_ABOUT_RETURN_TYPE = YES_ERROR;
				GCC_WARN_UNDECLARED_SELECTOR = YES;
				GCC_WARN_UNINITIALIZED_AUTOS = YES_AGGRESSIVE;
				GCC_WARN_UNUSED_FUNCTION = YES;
				GCC_WARN_UNUSED_VARIABLE = YES;
				IPHONEOS_DEPLOYMENT_TARGET = 16.2;
				MTL_ENABLE_DEBUG_INFO = NO;
				MTL_FAST_MATH = YES;
				SDKROOT = iphoneos;
				SWIFT_COMPILATION_MODE = wholemodule;
				SWIFT_OPTIMIZATION_LEVEL = "-O";
				VALIDATE_PRODUCT = YES;
			};
			name = Release;
		};
		DA50BDA129C1637900AA5C4F /* Debug */ = {
			isa = XCBuildConfiguration;
			buildSettings = {
				ASSETCATALOG_COMPILER_APPICON_NAME = AppIcon;
				ASSETCATALOG_COMPILER_GLOBAL_ACCENT_COLOR_NAME = AccentColor;
				CODE_SIGN_STYLE = Automatic;
				CURRENT_PROJECT_VERSION = 1;
				GENERATE_INFOPLIST_FILE = YES;
				INFOPLIST_FILE = login/Info.plist;
				INFOPLIST_KEY_UIApplicationSupportsIndirectInputEvents = YES;
				INFOPLIST_KEY_UILaunchStoryboardName = LaunchScreen;
				INFOPLIST_KEY_UIMainStoryboardFile = Main;
				INFOPLIST_KEY_UISupportedInterfaceOrientations_iPad = "UIInterfaceOrientationPortrait UIInterfaceOrientationPortraitUpsideDown UIInterfaceOrientationLandscapeLeft UIInterfaceOrientationLandscapeRight";
				INFOPLIST_KEY_UISupportedInterfaceOrientations_iPhone = "UIInterfaceOrientationPortrait UIInterfaceOrientationLandscapeLeft UIInterfaceOrientationLandscapeRight";
				LD_RUNPATH_SEARCH_PATHS = (
					"$(inherited)",
					"@executable_path/Frameworks",
				);
				MARKETING_VERSION = 1.0;
				PRODUCT_BUNDLE_IDENTIFIER = hk.com.google.login;
				PRODUCT_NAME = "$(TARGET_NAME)";
				SWIFT_EMIT_LOC_STRINGS = YES;
				SWIFT_VERSION = 5.0;
				TARGETED_DEVICE_FAMILY = "1,2";
			};
			name = Debug;
		};
		DA50BDA229C1637900AA5C4F /* Release */ = {
			isa = XCBuildConfiguration;
			buildSettings = {
				ASSETCATALOG_COMPILER_APPICON_NAME = AppIcon;
				ASSETCATALOG_COMPILER_GLOBAL_ACCENT_COLOR_NAME = AccentColor;
				CODE_SIGN_STYLE = Automatic;
				CURRENT_PROJECT_VERSION = 1;
				GENERATE_INFOPLIST_FILE = YES;
				INFOPLIST_FILE = login/Info.plist;
				INFOPLIST_KEY_UIApplicationSupportsIndirectInputEvents = YES;
				INFOPLIST_KEY_UILaunchStoryboardName = LaunchScreen;
				INFOPLIST_KEY_UIMainStoryboardFile = Main;
				INFOPLIST_KEY_UISupportedInterfaceOrientations_iPad = "UIInterfaceOrientationPortrait UIInterfaceOrientationPortraitUpsideDown UIInterfaceOrientationLandscapeLeft UIInterfaceOrientationLandscapeRight";
				INFOPLIST_KEY_UISupportedInterfaceOrientations_iPhone = "UIInterfaceOrientationPortrait UIInterfaceOrientationLandscapeLeft UIInterfaceOrientationLandscapeRight";
				LD_RUNPATH_SEARCH_PATHS = (
					"$(inherited)",
					"@executable_path/Frameworks",
				);
				MARKETING_VERSION = 1.0;
				PRODUCT_BUNDLE_IDENTIFIER = hk.com.google.login;
				PRODUCT_NAME = "$(TARGET_NAME)";
				SWIFT_EMIT_LOC_STRINGS = YES;
				SWIFT_VERSION = 5.0;
				TARGETED_DEVICE_FAMILY = "1,2";
			};
			name = Release;
		};
		DA50BDA429C1637900AA5C4F /* Debug */ = {
			isa = XCBuildConfiguration;
			buildSettings = {
				ALWAYS_EMBED_SWIFT_STANDARD_LIBRARIES = YES;
				BUNDLE_LOADER = "$(TEST_HOST)";
				CODE_SIGN_STYLE = Automatic;
				CURRENT_PROJECT_VERSION = 1;
				GENERATE_INFOPLIST_FILE = YES;
				IPHONEOS_DEPLOYMENT_TARGET = 16.2;
				MARKETING_VERSION = 1.0;
				PRODUCT_BUNDLE_IDENTIFIER = hk.com.google.loginTests;
				PRODUCT_NAME = "$(TARGET_NAME)";
				SWIFT_EMIT_LOC_STRINGS = NO;
				SWIFT_VERSION = 5.0;
				TARGETED_DEVICE_FAMILY = "1,2";
				TEST_HOST = "$(BUILT_PRODUCTS_DIR)/login.app/$(BUNDLE_EXECUTABLE_FOLDER_PATH)/login";
			};
			name = Debug;
		};
		DA50BDA529C1637900AA5C4F /* Release */ = {
			isa = XCBuildConfiguration;
			buildSettings = {
				ALWAYS_EMBED_SWIFT_STANDARD_LIBRARIES = YES;
				BUNDLE_LOADER = "$(TEST_HOST)";
				CODE_SIGN_STYLE = Automatic;
				CURRENT_PROJECT_VERSION = 1;
				GENERATE_INFOPLIST_FILE = YES;
				IPHONEOS_DEPLOYMENT_TARGET = 16.2;
				MARKETING_VERSION = 1.0;
				PRODUCT_BUNDLE_IDENTIFIER = hk.com.google.loginTests;
				PRODUCT_NAME = "$(TARGET_NAME)";
				SWIFT_EMIT_LOC_STRINGS = NO;
				SWIFT_VERSION = 5.0;
				TARGETED_DEVICE_FAMILY = "1,2";
				TEST_HOST = "$(BUILT_PRODUCTS_DIR)/login.app/$(BUNDLE_EXECUTABLE_FOLDER_PATH)/login";
			};
			name = Release;
		};
		DA50BDA729C1637900AA5C4F /* Debug */ = {
			isa = XCBuildConfiguration;
			buildSettings = {
				ALWAYS_EMBED_SWIFT_STANDARD_LIBRARIES = YES;
				CODE_SIGN_STYLE = Automatic;
				CURRENT_PROJECT_VERSION = 1;
				GENERATE_INFOPLIST_FILE = YES;
				MARKETING_VERSION = 1.0;
				PRODUCT_BUNDLE_IDENTIFIER = hk.com.google.loginUITests;
				PRODUCT_NAME = "$(TARGET_NAME)";
				SWIFT_EMIT_LOC_STRINGS = NO;
				SWIFT_VERSION = 5.0;
				TARGETED_DEVICE_FAMILY = "1,2";
				TEST_TARGET_NAME = login;
			};
			name = Debug;
		};
		DA50BDA829C1637900AA5C4F /* Release */ = {
			isa = XCBuildConfiguration;
			buildSettings = {
				ALWAYS_EMBED_SWIFT_STANDARD_LIBRARIES = YES;
				CODE_SIGN_STYLE = Automatic;
				CURRENT_PROJECT_VERSION = 1;
				GENERATE_INFOPLIST_FILE = YES;
				MARKETING_VERSION = 1.0;
				PRODUCT_BUNDLE_IDENTIFIER = hk.com.google.loginUITests;
				PRODUCT_NAME = "$(TARGET_NAME)";
				SWIFT_EMIT_LOC_STRINGS = NO;
				SWIFT_VERSION = 5.0;
				TARGETED_DEVICE_FAMILY = "1,2";
				TEST_TARGET_NAME = login;
			};
			name = Release;
		};
/* End XCBuildConfiguration section */

/* Begin XCConfigurationList section */
		DA50BD6E29C1637800AA5C4F /* Build configuration list for PBXProject "login" */ = {
			isa = XCConfigurationList;
			buildConfigurations = (
				DA50BD9E29C1637900AA5C4F /* Debug */,
				DA50BD9F29C1637900AA5C4F /* Release */,
			);
			defaultConfigurationIsVisible = 0;
			defaultConfigurationName = Release;
		};
		DA50BDA029C1637900AA5C4F /* Build configuration list for PBXNativeTarget "login" */ = {
			isa = XCConfigurationList;
			buildConfigurations = (
				DA50BDA129C1637900AA5C4F /* Debug */,
				DA50BDA229C1637900AA5C4F /* Release */,
			);
			defaultConfigurationIsVisible = 0;
			defaultConfigurationName = Release;
		};
		DA50BDA329C1637900AA5C4F /* Build configuration list for PBXNativeTarget "loginTests" */ = {
			isa = XCConfigurationList;
			buildConfigurations = (
				DA50BDA429C1637900AA5C4F /* Debug */,
				DA50BDA529C1637900AA5C4F /* Release */,
			);
			defaultConfigurationIsVisible = 0;
			defaultConfigurationName = Release;
		};
		DA50BDA629C1637900AA5C4F /* Build configuration list for PBXNativeTarget "loginUITests" */ = {
			isa = XCConfigurationList;
			buildConfigurations = (
				DA50BDA729C1637900AA5C4F /* Debug */,
				DA50BDA829C1637900AA5C4F /* Release */,
			);
			defaultConfigurationIsVisible = 0;
			defaultConfigurationName = Release;
		};
/* End XCConfigurationList section */

/* Begin XCVersionGroup section */
		DA50BD7F29C1637800AA5C4F /* login.xcdatamodeld */ = {
			isa = XCVersionGroup;
			children = (
				DA50BD8029C1637800AA5C4F /* login.xcdatamodel */,
			);
			currentVersion = DA50BD8029C1637800AA5C4F /* login.xcdatamodel */;
			path = login.xcdatamodeld;
			sourceTree = "<group>";
			versionGroupType = wrapper.xcdatamodel;
		};
/* End XCVersionGroup section */
	};
	rootObject = DA50BD6B29C1637800AA5C4F /* Project object */;
}
