// !$*UTF8*$!
{
	archiveVersion = 1;
	classes = {
	};
	objectVersion = 56;
	objects = {

/* Begin PBXBuildFile section */
		DA17B3F929F9696D004AA288 /* AppDelegate.swift in Sources */ = {isa = PBXBuildFile; fileRef = DA17B3F829F9696D004AA288 /* AppDelegate.swift */; };
		DA17B3FB29F9696D004AA288 /* SceneDelegate.swift in Sources */ = {isa = PBXBuildFile; fileRef = DA17B3FA29F9696D004AA288 /* SceneDelegate.swift */; };
		DA17B3FD29F9696D004AA288 /* ViewController.swift in Sources */ = {isa = PBXBuildFile; fileRef = DA17B3FC29F9696D004AA288 /* ViewController.swift */; };
		DA17B40029F9696D004AA288 /* Main.storyboard in Resources */ = {isa = PBXBuildFile; fileRef = DA17B3FE29F9696D004AA288 /* Main.storyboard */; };
		DA17B40329F9696D004AA288 /* ____.xcdatamodeld in Sources */ = {isa = PBXBuildFile; fileRef = DA17B40129F9696D004AA288 /* ____.xcdatamodeld */; };
		DA17B40529F9696E004AA288 /* Assets.xcassets in Resources */ = {isa = PBXBuildFile; fileRef = DA17B40429F9696E004AA288 /* Assets.xcassets */; };
		DA17B40829F9696E004AA288 /* LaunchScreen.storyboard in Resources */ = {isa = PBXBuildFile; fileRef = DA17B40629F9696E004AA288 /* LaunchScreen.storyboard */; };
		DA17B41329F9696E004AA288 /* ____Tests.swift in Sources */ = {isa = PBXBuildFile; fileRef = DA17B41229F9696E004AA288 /* ____Tests.swift */; };
		DA17B41D29F9696E004AA288 /* ____UITests.swift in Sources */ = {isa = PBXBuildFile; fileRef = DA17B41C29F9696E004AA288 /* ____UITests.swift */; };
		DA17B41F29F9696E004AA288 /* ____UITestsLaunchTests.swift in Sources */ = {isa = PBXBuildFile; fileRef = DA17B41E29F9696E004AA288 /* ____UITestsLaunchTests.swift */; };
/* End PBXBuildFile section */

/* Begin PBXContainerItemProxy section */
		DA17B40F29F9696E004AA288 /* PBXContainerItemProxy */ = {
			isa = PBXContainerItemProxy;
			containerPortal = DA17B3ED29F9696D004AA288 /* Project object */;
			proxyType = 1;
			remoteGlobalIDString = DA17B3F429F9696D004AA288;
			remoteInfo = "代码社区";
		};
		DA17B41929F9696E004AA288 /* PBXContainerItemProxy */ = {
			isa = PBXContainerItemProxy;
			containerPortal = DA17B3ED29F9696D004AA288 /* Project object */;
			proxyType = 1;
			remoteGlobalIDString = DA17B3F429F9696D004AA288;
			remoteInfo = "代码社区";
		};
/* End PBXContainerItemProxy section */

/* Begin PBXFileReference section */
		DA17B3F529F9696D004AA288 /* 代码社区.app */ = {isa = PBXFileReference; explicitFileType = wrapper.application; includeInIndex = 0; path = "代码社区.app"; sourceTree = BUILT_PRODUCTS_DIR; };
		DA17B3F829F9696D004AA288 /* AppDelegate.swift */ = {isa = PBXFileReference; lastKnownFileType = sourcecode.swift; path = AppDelegate.swift; sourceTree = "<group>"; };
		DA17B3FA29F9696D004AA288 /* SceneDelegate.swift */ = {isa = PBXFileReference; lastKnownFileType = sourcecode.swift; path = SceneDelegate.swift; sourceTree = "<group>"; };
		DA17B3FC29F9696D004AA288 /* ViewController.swift */ = {isa = PBXFileReference; lastKnownFileType = sourcecode.swift; path = ViewController.swift; sourceTree = "<group>"; };
		DA17B3FF29F9696D004AA288 /* Base */ = {isa = PBXFileReference; lastKnownFileType = file.storyboard; name = Base; path = Base.lproj/Main.storyboard; sourceTree = "<group>"; };
		DA17B40229F9696D004AA288 /* ____.xcdatamodel */ = {isa = PBXFileReference; lastKnownFileType = wrapper.xcdatamodel; path = "____.xcdatamodel"; sourceTree = "<group>"; };
		DA17B40429F9696E004AA288 /* Assets.xcassets */ = {isa = PBXFileReference; lastKnownFileType = folder.assetcatalog; path = Assets.xcassets; sourceTree = "<group>"; };
		DA17B40729F9696E004AA288 /* Base */ = {isa = PBXFileReference; lastKnownFileType = file.storyboard; name = Base; path = Base.lproj/LaunchScreen.storyboard; sourceTree = "<group>"; };
		DA17B40929F9696E004AA288 /* Info.plist */ = {isa = PBXFileReference; lastKnownFileType = text.plist.xml; path = Info.plist; sourceTree = "<group>"; };
		DA17B40E29F9696E004AA288 /* 代码社区Tests.xctest */ = {isa = PBXFileReference; explicitFileType = wrapper.cfbundle; includeInIndex = 0; path = "代码社区Tests.xctest"; sourceTree = BUILT_PRODUCTS_DIR; };
		DA17B41229F9696E004AA288 /* ____Tests.swift */ = {isa = PBXFileReference; lastKnownFileType = sourcecode.swift; path = "____Tests.swift"; sourceTree = "<group>"; };
		DA17B41829F9696E004AA288 /* 代码社区UITests.xctest */ = {isa = PBXFileReference; explicitFileType = wrapper.cfbundle; includeInIndex = 0; path = "代码社区UITests.xctest"; sourceTree = BUILT_PRODUCTS_DIR; };
		DA17B41C29F9696E004AA288 /* ____UITests.swift */ = {isa = PBXFileReference; lastKnownFileType = sourcecode.swift; path = "____UITests.swift"; sourceTree = "<group>"; };
		DA17B41E29F9696E004AA288 /* ____UITestsLaunchTests.swift */ = {isa = PBXFileReference; lastKnownFileType = sourcecode.swift; path = "____UITestsLaunchTests.swift"; sourceTree = "<group>"; };
/* End PBXFileReference section */

/* Begin PBXFrameworksBuildPhase section */
		DA17B3F229F9696D004AA288 /* Frameworks */ = {
			isa = PBXFrameworksBuildPhase;
			buildActionMask = 2147483647;
			files = (
			);
			runOnlyForDeploymentPostprocessing = 0;
		};
		DA17B40B29F9696E004AA288 /* Frameworks */ = {
			isa = PBXFrameworksBuildPhase;
			buildActionMask = 2147483647;
			files = (
			);
			runOnlyForDeploymentPostprocessing = 0;
		};
		DA17B41529F9696E004AA288 /* Frameworks */ = {
			isa = PBXFrameworksBuildPhase;
			buildActionMask = 2147483647;
			files = (
			);
			runOnlyForDeploymentPostprocessing = 0;
		};
/* End PBXFrameworksBuildPhase section */

/* Begin PBXGroup section */
		DA17B3EC29F9696D004AA288 = {
			isa = PBXGroup;
			children = (
				DA17B3F729F9696D004AA288 /* 代码社区 */,
				DA17B41129F9696E004AA288 /* 代码社区Tests */,
				DA17B41B29F9696E004AA288 /* 代码社区UITests */,
				DA17B3F629F9696D004AA288 /* Products */,
			);
			sourceTree = "<group>";
		};
		DA17B3F629F9696D004AA288 /* Products */ = {
			isa = PBXGroup;
			children = (
				DA17B3F529F9696D004AA288 /* 代码社区.app */,
				DA17B40E29F9696E004AA288 /* 代码社区Tests.xctest */,
				DA17B41829F9696E004AA288 /* 代码社区UITests.xctest */,
			);
			name = Products;
			sourceTree = "<group>";
		};
		DA17B3F729F9696D004AA288 /* 代码社区 */ = {
			isa = PBXGroup;
			children = (
				DA17B3F829F9696D004AA288 /* AppDelegate.swift */,
				DA17B3FA29F9696D004AA288 /* SceneDelegate.swift */,
				DA17B3FC29F9696D004AA288 /* ViewController.swift */,
				DA17B3FE29F9696D004AA288 /* Main.storyboard */,
				DA17B40429F9696E004AA288 /* Assets.xcassets */,
				DA17B40629F9696E004AA288 /* LaunchScreen.storyboard */,
				DA17B40929F9696E004AA288 /* Info.plist */,
				DA17B40129F9696D004AA288 /* ____.xcdatamodeld */,
			);
			path = "代码社区";
			sourceTree = "<group>";
		};
		DA17B41129F9696E004AA288 /* 代码社区Tests */ = {
			isa = PBXGroup;
			children = (
				DA17B41229F9696E004AA288 /* ____Tests.swift */,
			);
			path = "代码社区Tests";
			sourceTree = "<group>";
		};
		DA17B41B29F9696E004AA288 /* 代码社区UITests */ = {
			isa = PBXGroup;
			children = (
				DA17B41C29F9696E004AA288 /* ____UITests.swift */,
				DA17B41E29F9696E004AA288 /* ____UITestsLaunchTests.swift */,
			);
			path = "代码社区UITests";
			sourceTree = "<group>";
		};
/* End PBXGroup section */

/* Begin PBXNativeTarget section */
		DA17B3F429F9696D004AA288 /* 代码社区 */ = {
			isa = PBXNativeTarget;
			buildConfigurationList = DA17B42229F9696E004AA288 /* Build configuration list for PBXNativeTarget "代码社区" */;
			buildPhases = (
				DA17B3F129F9696D004AA288 /* Sources */,
				DA17B3F229F9696D004AA288 /* Frameworks */,
				DA17B3F329F9696D004AA288 /* Resources */,
			);
			buildRules = (
			);
			dependencies = (
			);
			name = "代码社区";
			productName = "代码社区";
			productReference = DA17B3F529F9696D004AA288 /* 代码社区.app */;
			productType = "com.apple.product-type.application";
		};
		DA17B40D29F9696E004AA288 /* 代码社区Tests */ = {
			isa = PBXNativeTarget;
			buildConfigurationList = DA17B42529F9696E004AA288 /* Build configuration list for PBXNativeTarget "代码社区Tests" */;
			buildPhases = (
				DA17B40A29F9696E004AA288 /* Sources */,
				DA17B40B29F9696E004AA288 /* Frameworks */,
				DA17B40C29F9696E004AA288 /* Resources */,
			);
			buildRules = (
			);
			dependencies = (
				DA17B41029F9696E004AA288 /* PBXTargetDependency */,
			);
			name = "代码社区Tests";
			productName = "代码社区Tests";
			productReference = DA17B40E29F9696E004AA288 /* 代码社区Tests.xctest */;
			productType = "com.apple.product-type.bundle.unit-test";
		};
		DA17B41729F9696E004AA288 /* 代码社区UITests */ = {
			isa = PBXNativeTarget;
			buildConfigurationList = DA17B42829F9696E004AA288 /* Build configuration list for PBXNativeTarget "代码社区UITests" */;
			buildPhases = (
				DA17B41429F9696E004AA288 /* Sources */,
				DA17B41529F9696E004AA288 /* Frameworks */,
				DA17B41629F9696E004AA288 /* Resources */,
			);
			buildRules = (
			);
			dependencies = (
				DA17B41A29F9696E004AA288 /* PBXTargetDependency */,
			);
			name = "代码社区UITests";
			productName = "代码社区UITests";
			productReference = DA17B41829F9696E004AA288 /* 代码社区UITests.xctest */;
			productType = "com.apple.product-type.bundle.ui-testing";
		};
/* End PBXNativeTarget section */

/* Begin PBXProject section */
		DA17B3ED29F9696D004AA288 /* Project object */ = {
			isa = PBXProject;
			attributes = {
				BuildIndependentTargetsInParallel = 1;
				LastSwiftUpdateCheck = 1430;
				LastUpgradeCheck = 1430;
				TargetAttributes = {
					DA17B3F429F9696D004AA288 = {
						CreatedOnToolsVersion = 14.3;
					};
					DA17B40D29F9696E004AA288 = {
						CreatedOnToolsVersion = 14.3;
						TestTargetID = DA17B3F429F9696D004AA288;
					};
					DA17B41729F9696E004AA288 = {
						CreatedOnToolsVersion = 14.3;
						TestTargetID = DA17B3F429F9696D004AA288;
					};
				};
			};
			buildConfigurationList = DA17B3F029F9696D004AA288 /* Build configuration list for PBXProject "代码社区" */;
			compatibilityVersion = "Xcode 14.0";
			developmentRegion = en;
			hasScannedForEncodings = 0;
			knownRegions = (
				en,
				Base,
			);
			mainGroup = DA17B3EC29F9696D004AA288;
			productRefGroup = DA17B3F629F9696D004AA288 /* Products */;
			projectDirPath = "";
			projectRoot = "";
			targets = (
				DA17B3F429F9696D004AA288 /* 代码社区 */,
				DA17B40D29F9696E004AA288 /* 代码社区Tests */,
				DA17B41729F9696E004AA288 /* 代码社区UITests */,
			);
		};
/* End PBXProject section */

/* Begin PBXResourcesBuildPhase section */
		DA17B3F329F9696D004AA288 /* Resources */ = {
			isa = PBXResourcesBuildPhase;
			buildActionMask = 2147483647;
			files = (
				DA17B40829F9696E004AA288 /* LaunchScreen.storyboard in Resources */,
				DA17B40529F9696E004AA288 /* Assets.xcassets in Resources */,
				DA17B40029F9696D004AA288 /* Main.storyboard in Resources */,
			);
			runOnlyForDeploymentPostprocessing = 0;
		};
		DA17B40C29F9696E004AA288 /* Resources */ = {
			isa = PBXResourcesBuildPhase;
			buildActionMask = 2147483647;
			files = (
			);
			runOnlyForDeploymentPostprocessing = 0;
		};
		DA17B41629F9696E004AA288 /* Resources */ = {
			isa = PBXResourcesBuildPhase;
			buildActionMask = 2147483647;
			files = (
			);
			runOnlyForDeploymentPostprocessing = 0;
		};
/* End PBXResourcesBuildPhase section */

/* Begin PBXSourcesBuildPhase section */
		DA17B3F129F9696D004AA288 /* Sources */ = {
			isa = PBXSourcesBuildPhase;
			buildActionMask = 2147483647;
			files = (
				DA17B3FD29F9696D004AA288 /* ViewController.swift in Sources */,
				DA17B40329F9696D004AA288 /* ____.xcdatamodeld in Sources */,
				DA17B3F929F9696D004AA288 /* AppDelegate.swift in Sources */,
				DA17B3FB29F9696D004AA288 /* SceneDelegate.swift in Sources */,
			);
			runOnlyForDeploymentPostprocessing = 0;
		};
		DA17B40A29F9696E004AA288 /* Sources */ = {
			isa = PBXSourcesBuildPhase;
			buildActionMask = 2147483647;
			files = (
				DA17B41329F9696E004AA288 /* ____Tests.swift in Sources */,
			);
			runOnlyForDeploymentPostprocessing = 0;
		};
		DA17B41429F9696E004AA288 /* Sources */ = {
			isa = PBXSourcesBuildPhase;
			buildActionMask = 2147483647;
			files = (
				DA17B41F29F9696E004AA288 /* ____UITestsLaunchTests.swift in Sources */,
				DA17B41D29F9696E004AA288 /* ____UITests.swift in Sources */,
			);
			runOnlyForDeploymentPostprocessing = 0;
		};
/* End PBXSourcesBuildPhase section */

/* Begin PBXTargetDependency section */
		DA17B41029F9696E004AA288 /* PBXTargetDependency */ = {
			isa = PBXTargetDependency;
			target = DA17B3F429F9696D004AA288 /* 代码社区 */;
			targetProxy = DA17B40F29F9696E004AA288 /* PBXContainerItemProxy */;
		};
		DA17B41A29F9696E004AA288 /* PBXTargetDependency */ = {
			isa = PBXTargetDependency;
			target = DA17B3F429F9696D004AA288 /* 代码社区 */;
			targetProxy = DA17B41929F9696E004AA288 /* PBXContainerItemProxy */;
		};
/* End PBXTargetDependency section */

/* Begin PBXVariantGroup section */
		DA17B3FE29F9696D004AA288 /* Main.storyboard */ = {
			isa = PBXVariantGroup;
			children = (
				DA17B3FF29F9696D004AA288 /* Base */,
			);
			name = Main.storyboard;
			sourceTree = "<group>";
		};
		DA17B40629F9696E004AA288 /* LaunchScreen.storyboard */ = {
			isa = PBXVariantGroup;
			children = (
				DA17B40729F9696E004AA288 /* Base */,
			);
			name = LaunchScreen.storyboard;
			sourceTree = "<group>";
		};
/* End PBXVariantGroup section */

/* Begin XCBuildConfiguration section */
		DA17B42029F9696E004AA288 /* Debug */ = {
			isa = XCBuildConfiguration;
			buildSettings = {
				ALWAYS_SEARCH_USER_PATHS = NO;
				CLANG_ANALYZER_NONNULL = YES;
				CLANG_ANALYZER_NUMBER_OBJECT_CONVERSION = YES_AGGRESSIVE;
				CLANG_CXX_LANGUAGE_STANDARD = "gnu++20";
				CLANG_ENABLE_MODULES = YES;
				CLANG_ENABLE_OBJC_ARC = YES;
				CLANG_ENABLE_OBJC_WEAK = YES;
				CLANG_WARN_BLOCK_CAPTURE_AUTORELEASING = YES;
				CLANG_WARN_BOOL_CONVERSION = YES;
				CLANG_WARN_COMMA = YES;
				CLANG_WARN_CONSTANT_CONVERSION = YES;
				CLANG_WARN_DEPRECATED_OBJC_IMPLEMENTATIONS = YES;
				CLANG_WARN_DIRECT_OBJC_ISA_USAGE = YES_ERROR;
				CLANG_WARN_DOCUMENTATION_COMMENTS = YES;
				CLANG_WARN_EMPTY_BODY = YES;
				CLANG_WARN_ENUM_CONVERSION = YES;
				CLANG_WARN_INFINITE_RECURSION = YES;
				CLANG_WARN_INT_CONVERSION = YES;
				CLANG_WARN_NON_LITERAL_NULL_CONVERSION = YES;
				CLANG_WARN_OBJC_IMPLICIT_RETAIN_SELF = YES;
				CLANG_WARN_OBJC_LITERAL_CONVERSION = YES;
				CLANG_WARN_OBJC_ROOT_CLASS = YES_ERROR;
				CLANG_WARN_QUOTED_INCLUDE_IN_FRAMEWORK_HEADER = YES;
				CLANG_WARN_RANGE_LOOP_ANALYSIS = YES;
				CLANG_WARN_STRICT_PROTOTYPES = YES;
				CLANG_WARN_SUSPICIOUS_MOVE = YES;
				CLANG_WARN_UNGUARDED_AVAILABILITY = YES_AGGRESSIVE;
				CLANG_WARN_UNREACHABLE_CODE = YES;
				CLANG_WARN__DUPLICATE_METHOD_MATCH = YES;
				COPY_PHASE_STRIP = NO;
				DEBUG_INFORMATION_FORMAT = dwarf;
				ENABLE_STRICT_OBJC_MSGSEND = YES;
				ENABLE_TESTABILITY = YES;
				GCC_C_LANGUAGE_STANDARD = gnu11;
				GCC_DYNAMIC_NO_PIC = NO;
				GCC_NO_COMMON_BLOCKS = YES;
				GCC_OPTIMIZATION_LEVEL = 0;
				GCC_PREPROCESSOR_DEFINITIONS = (
					"DEBUG=1",
					"$(inherited)",
				);
				GCC_WARN_64_TO_32_BIT_CONVERSION = YES;
				GCC_WARN_ABOUT_RETURN_TYPE = YES_ERROR;
				GCC_WARN_UNDECLARED_SELECTOR = YES;
				GCC_WARN_UNINITIALIZED_AUTOS = YES_AGGRESSIVE;
				GCC_WARN_UNUSED_FUNCTION = YES;
				GCC_WARN_UNUSED_VARIABLE = YES;
				IPHONEOS_DEPLOYMENT_TARGET = 16.4;
				MTL_ENABLE_DEBUG_INFO = INCLUDE_SOURCE;
				MTL_FAST_MATH = YES;
				ONLY_ACTIVE_ARCH = YES;
				SDKROOT = iphoneos;
				SWIFT_ACTIVE_COMPILATION_CONDITIONS = DEBUG;
				SWIFT_OPTIMIZATION_LEVEL = "-Onone";
			};
			name = Debug;
		};
		DA17B42129F9696E004AA288 /* Release */ = {
			isa = XCBuildConfiguration;
			buildSettings = {
				ALWAYS_SEARCH_USER_PATHS = NO;
				CLANG_ANALYZER_NONNULL = YES;
				CLANG_ANALYZER_NUMBER_OBJECT_CONVERSION = YES_AGGRESSIVE;
				CLANG_CXX_LANGUAGE_STANDARD = "gnu++20";
				CLANG_ENABLE_MODULES = YES;
				CLANG_ENABLE_OBJC_ARC = YES;
				CLANG_ENABLE_OBJC_WEAK = YES;
				CLANG_WARN_BLOCK_CAPTURE_AUTORELEASING = YES;
				CLANG_WARN_BOOL_CONVERSION = YES;
				CLANG_WARN_COMMA = YES;
				CLANG_WARN_CONSTANT_CONVERSION = YES;
				CLANG_WARN_DEPRECATED_OBJC_IMPLEMENTATIONS = YES;
				CLANG_WARN_DIRECT_OBJC_ISA_USAGE = YES_ERROR;
				CLANG_WARN_DOCUMENTATION_COMMENTS = YES;
				CLANG_WARN_EMPTY_BODY = YES;
				CLANG_WARN_ENUM_CONVERSION = YES;
				CLANG_WARN_INFINITE_RECURSION = YES;
				CLANG_WARN_INT_CONVERSION = YES;
				CLANG_WARN_NON_LITERAL_NULL_CONVERSION = YES;
				CLANG_WARN_OBJC_IMPLICIT_RETAIN_SELF = YES;
				CLANG_WARN_OBJC_LITERAL_CONVERSION = YES;
				CLANG_WARN_OBJC_ROOT_CLASS = YES_ERROR;
				CLANG_WARN_QUOTED_INCLUDE_IN_FRAMEWORK_HEADER = YES;
				CLANG_WARN_RANGE_LOOP_ANALYSIS = YES;
				CLANG_WARN_STRICT_PROTOTYPES = YES;
				CLANG_WARN_SUSPICIOUS_MOVE = YES;
				CLANG_WARN_UNGUARDED_AVAILABILITY = YES_AGGRESSIVE;
				CLANG_WARN_UNREACHABLE_CODE = YES;
				CLANG_WARN__DUPLICATE_METHOD_MATCH = YES;
				COPY_PHASE_STRIP = NO;
				DEBUG_INFORMATION_FORMAT = "dwarf-with-dsym";
				ENABLE_NS_ASSERTIONS = NO;
				ENABLE_STRICT_OBJC_MSGSEND = YES;
				GCC_C_LANGUAGE_STANDARD = gnu11;
				GCC_NO_COMMON_BLOCKS = YES;
				GCC_WARN_64_TO_32_BIT_CONVERSION = YES;
				GCC_WARN_ABOUT_RETURN_TYPE = YES_ERROR;
				GCC_WARN_UNDECLARED_SELECTOR = YES;
				GCC_WARN_UNINITIALIZED_AUTOS = YES_AGGRESSIVE;
				GCC_WARN_UNUSED_FUNCTION = YES;
				GCC_WARN_UNUSED_VARIABLE = YES;
				IPHONEOS_DEPLOYMENT_TARGET = 16.4;
				MTL_ENABLE_DEBUG_INFO = NO;
				MTL_FAST_MATH = YES;
				SDKROOT = iphoneos;
				SWIFT_COMPILATION_MODE = wholemodule;
				SWIFT_OPTIMIZATION_LEVEL = "-O";
				VALIDATE_PRODUCT = YES;
			};
			name = Release;
		};
		DA17B42329F9696E004AA288 /* Debug */ = {
			isa = XCBuildConfiguration;
			buildSettings = {
				ASSETCATALOG_COMPILER_APPICON_NAME = AppIcon;
				ASSETCATALOG_COMPILER_GLOBAL_ACCENT_COLOR_NAME = AccentColor;
				CODE_SIGN_STYLE = Automatic;
				CURRENT_PROJECT_VERSION = 1;
				GENERATE_INFOPLIST_FILE = YES;
				INFOPLIST_FILE = "代码社区/Info.plist";
				INFOPLIST_KEY_UIApplicationSupportsIndirectInputEvents = YES;
				INFOPLIST_KEY_UILaunchStoryboardName = LaunchScreen;
				INFOPLIST_KEY_UIMainStoryboardFile = Main;
				INFOPLIST_KEY_UISupportedInterfaceOrientations = "UIInterfaceOrientationLandscapeLeft UIInterfaceOrientationLandscapeRight UIInterfaceOrientationPortrait";
				INFOPLIST_KEY_UISupportedInterfaceOrientations_iPad = "UIInterfaceOrientationLandscapeLeft UIInterfaceOrientationLandscapeRight UIInterfaceOrientationPortrait UIInterfaceOrientationPortraitUpsideDown";
				LD_RUNPATH_SEARCH_PATHS = (
					"$(inherited)",
					"@executable_path/Frameworks",
				);
				MARKETING_VERSION = 1.0;
				PRODUCT_BUNDLE_IDENTIFIER = "com.qhuiyan.----";
				PRODUCT_NAME = "$(TARGET_NAME)";
				SWIFT_EMIT_LOC_STRINGS = YES;
				SWIFT_VERSION = 5.0;
				TARGETED_DEVICE_FAMILY = "1,2";
			};
			name = Debug;
		};
		DA17B42429F9696E004AA288 /* Release */ = {
			isa = XCBuildConfiguration;
			buildSettings = {
				ASSETCATALOG_COMPILER_APPICON_NAME = AppIcon;
				ASSETCATALOG_COMPILER_GLOBAL_ACCENT_COLOR_NAME = AccentColor;
				CODE_SIGN_STYLE = Automatic;
				CURRENT_PROJECT_VERSION = 1;
				GENERATE_INFOPLIST_FILE = YES;
				INFOPLIST_FILE = "代码社区/Info.plist";
				INFOPLIST_KEY_UIApplicationSupportsIndirectInputEvents = YES;
				INFOPLIST_KEY_UILaunchStoryboardName = LaunchScreen;
				INFOPLIST_KEY_UIMainStoryboardFile = Main;
				INFOPLIST_KEY_UISupportedInterfaceOrientations = "UIInterfaceOrientationLandscapeLeft UIInterfaceOrientationLandscapeRight UIInterfaceOrientationPortrait";
				INFOPLIST_KEY_UISupportedInterfaceOrientations_iPad = "UIInterfaceOrientationLandscapeLeft UIInterfaceOrientationLandscapeRight UIInterfaceOrientationPortrait UIInterfaceOrientationPortraitUpsideDown";
				LD_RUNPATH_SEARCH_PATHS = (
					"$(inherited)",
					"@executable_path/Frameworks",
				);
				MARKETING_VERSION = 1.0;
				PRODUCT_BUNDLE_IDENTIFIER = "com.qhuiyan.----";
				PRODUCT_NAME = "$(TARGET_NAME)";
				SWIFT_EMIT_LOC_STRINGS = YES;
				SWIFT_VERSION = 5.0;
				TARGETED_DEVICE_FAMILY = "1,2";
			};
			name = Release;
		};
		DA17B42629F9696E004AA288 /* Debug */ = {
			isa = XCBuildConfiguration;
			buildSettings = {
				ALWAYS_EMBED_SWIFT_STANDARD_LIBRARIES = YES;
				BUNDLE_LOADER = "$(TEST_HOST)";
				CODE_SIGN_STYLE = Automatic;
				CURRENT_PROJECT_VERSION = 1;
				GENERATE_INFOPLIST_FILE = YES;
				IPHONEOS_DEPLOYMENT_TARGET = 16.4;
				MARKETING_VERSION = 1.0;
				PRODUCT_BUNDLE_IDENTIFIER = "com.qhuiyan.----Tests";
				PRODUCT_NAME = "$(TARGET_NAME)";
				SWIFT_EMIT_LOC_STRINGS = NO;
				SWIFT_VERSION = 5.0;
				TARGETED_DEVICE_FAMILY = "1,2";
				TEST_HOST = "$(BUILT_PRODUCTS_DIR)/代码社区.app/$(BUNDLE_EXECUTABLE_FOLDER_PATH)/代码社区";
			};
			name = Debug;
		};
		DA17B42729F9696E004AA288 /* Release */ = {
			isa = XCBuildConfiguration;
			buildSettings = {
				ALWAYS_EMBED_SWIFT_STANDARD_LIBRARIES = YES;
				BUNDLE_LOADER = "$(TEST_HOST)";
				CODE_SIGN_STYLE = Automatic;
				CURRENT_PROJECT_VERSION = 1;
				GENERATE_INFOPLIST_FILE = YES;
				IPHONEOS_DEPLOYMENT_TARGET = 16.4;
				MARKETING_VERSION = 1.0;
				PRODUCT_BUNDLE_IDENTIFIER = "com.qhuiyan.----Tests";
				PRODUCT_NAME = "$(TARGET_NAME)";
				SWIFT_EMIT_LOC_STRINGS = NO;
				SWIFT_VERSION = 5.0;
				TARGETED_DEVICE_FAMILY = "1,2";
				TEST_HOST = "$(BUILT_PRODUCTS_DIR)/代码社区.app/$(BUNDLE_EXECUTABLE_FOLDER_PATH)/代码社区";
			};
			name = Release;
		};
		DA17B42929F9696E004AA288 /* Debug */ = {
			isa = XCBuildConfiguration;
			buildSettings = {
				ALWAYS_EMBED_SWIFT_STANDARD_LIBRARIES = YES;
				CODE_SIGN_STYLE = Automatic;
				CURRENT_PROJECT_VERSION = 1;
				GENERATE_INFOPLIST_FILE = YES;
				MARKETING_VERSION = 1.0;
				PRODUCT_BUNDLE_IDENTIFIER = "com.qhuiyan.----UITests";
				PRODUCT_NAME = "$(TARGET_NAME)";
				SWIFT_EMIT_LOC_STRINGS = NO;
				SWIFT_VERSION = 5.0;
				TARGETED_DEVICE_FAMILY = "1,2";
				TEST_TARGET_NAME = "代码社区";
			};
			name = Debug;
		};
		DA17B42A29F9696E004AA288 /* Release */ = {
			isa = XCBuildConfiguration;
			buildSettings = {
				ALWAYS_EMBED_SWIFT_STANDARD_LIBRARIES = YES;
				CODE_SIGN_STYLE = Automatic;
				CURRENT_PROJECT_VERSION = 1;
				GENERATE_INFOPLIST_FILE = YES;
				MARKETING_VERSION = 1.0;
				PRODUCT_BUNDLE_IDENTIFIER = "com.qhuiyan.----UITests";
				PRODUCT_NAME = "$(TARGET_NAME)";
				SWIFT_EMIT_LOC_STRINGS = NO;
				SWIFT_VERSION = 5.0;
				TARGETED_DEVICE_FAMILY = "1,2";
				TEST_TARGET_NAME = "代码社区";
			};
			name = Release;
		};
/* End XCBuildConfiguration section */

/* Begin XCConfigurationList section */
		DA17B3F029F9696D004AA288 /* Build configuration list for PBXProject "代码社区" */ = {
			isa = XCConfigurationList;
			buildConfigurations = (
				DA17B42029F9696E004AA288 /* Debug */,
				DA17B42129F9696E004AA288 /* Release */,
			);
			defaultConfigurationIsVisible = 0;
			defaultConfigurationName = Release;
		};
		DA17B42229F9696E004AA288 /* Build configuration list for PBXNativeTarget "代码社区" */ = {
			isa = XCConfigurationList;
			buildConfigurations = (
				DA17B42329F9696E004AA288 /* Debug */,
				DA17B42429F9696E004AA288 /* Release */,
			);
			defaultConfigurationIsVisible = 0;
			defaultConfigurationName = Release;
		};
		DA17B42529F9696E004AA288 /* Build configuration list for PBXNativeTarget "代码社区Tests" */ = {
			isa = XCConfigurationList;
			buildConfigurations = (
				DA17B42629F9696E004AA288 /* Debug */,
				DA17B42729F9696E004AA288 /* Release */,
			);
			defaultConfigurationIsVisible = 0;
			defaultConfigurationName = Release;
		};
		DA17B42829F9696E004AA288 /* Build configuration list for PBXNativeTarget "代码社区UITests" */ = {
			isa = XCConfigurationList;
			buildConfigurations = (
				DA17B42929F9696E004AA288 /* Debug */,
				DA17B42A29F9696E004AA288 /* Release */,
			);
			defaultConfigurationIsVisible = 0;
			defaultConfigurationName = Release;
		};
/* End XCConfigurationList section */

/* Begin XCVersionGroup section */
		DA17B40129F9696D004AA288 /* ____.xcdatamodeld */ = {
			isa = XCVersionGroup;
			children = (
				DA17B40229F9696D004AA288 /* ____.xcdatamodel */,
			);
			currentVersion = DA17B40229F9696D004AA288 /* ____.xcdatamodel */;
			path = "____.xcdatamodeld";
			sourceTree = "<group>";
			versionGroupType = wrapper.xcdatamodel;
		};
/* End XCVersionGroup section */
	};
	rootObject = DA17B3ED29F9696D004AA288 /* Project object */;
}
