// !$*UTF8*$!
{
	archiveVersion = 1;
	classes = {
	};
	objectVersion = 56;
	objects = {

/* Begin PBXBuildFile section */
		DA4655F529CDC1FF0051F420 /* AppDelegate.swift in Sources */ = {isa = PBXBuildFile; fileRef = DA4655F429CDC1FF0051F420 /* AppDelegate.swift */; };
		DA4655F729CDC1FF0051F420 /* SceneDelegate.swift in Sources */ = {isa = PBXBuildFile; fileRef = DA4655F629CDC1FF0051F420 /* SceneDelegate.swift */; };
		DA4655F929CDC1FF0051F420 /* MainViewController.swift in Sources */ = {isa = PBXBuildFile; fileRef = DA4655F829CDC1FF0051F420 /* MainViewController.swift */; };
		DA4655FC29CDC1FF0051F420 /* Main.storyboard in Resources */ = {isa = PBXBuildFile; fileRef = DA4655FA29CDC1FF0051F420 /* Main.storyboard */; };
		DA4655FF29CDC1FF0051F420 /* HuiYanKill.xcdatamodeld in Sources */ = {isa = PBXBuildFile; fileRef = DA4655FD29CDC1FF0051F420 /* HuiYanKill.xcdatamodeld */; };
		DA46560129CDC2000051F420 /* Assets.xcassets in Resources */ = {isa = PBXBuildFile; fileRef = DA46560029CDC2000051F420 /* Assets.xcassets */; };
		DA46560429CDC2000051F420 /* LaunchScreen.storyboard in Resources */ = {isa = PBXBuildFile; fileRef = DA46560229CDC2000051F420 /* LaunchScreen.storyboard */; };
		DA46560F29CDC2010051F420 /* HuiYanKillTests.swift in Sources */ = {isa = PBXBuildFile; fileRef = DA46560E29CDC2010051F420 /* HuiYanKillTests.swift */; };
		DA46561929CDC2010051F420 /* HuiYanKillUITests.swift in Sources */ = {isa = PBXBuildFile; fileRef = DA46561829CDC2010051F420 /* HuiYanKillUITests.swift */; };
		DA46561B29CDC2010051F420 /* HuiYanKillUITestsLaunchTests.swift in Sources */ = {isa = PBXBuildFile; fileRef = DA46561A29CDC2010051F420 /* HuiYanKillUITestsLaunchTests.swift */; };
		DA46562829CDC5290051F420 /* LayoutData.swift in Sources */ = {isa = PBXBuildFile; fileRef = DA46562729CDC5290051F420 /* LayoutData.swift */; };
		DA46562B29CDC5E50051F420 /* RoleViewController.swift in Sources */ = {isa = PBXBuildFile; fileRef = DA46562A29CDC5E50051F420 /* RoleViewController.swift */; };
		DA46562E29CDC64C0051F420 /* ModeViewController.swift in Sources */ = {isa = PBXBuildFile; fileRef = DA46562D29CDC64C0051F420 /* ModeViewController.swift */; };
		DA625EC829CEDC5B00C50163 /* singlePlayerMode.jpeg in Resources */ = {isa = PBXBuildFile; fileRef = DA625EC729CEDC5B00C50163 /* singlePlayerMode.jpeg */; };
		DA625ECF29CEE0E800C50163 /* stayTunedMode.png in Resources */ = {isa = PBXBuildFile; fileRef = DA625ECE29CEE0E800C50163 /* stayTunedMode.png */; };
		DA625ED129CF427A00C50163 /* SingleViewController.swift in Sources */ = {isa = PBXBuildFile; fileRef = DA625ED029CF427A00C50163 /* SingleViewController.swift */; };
/* End PBXBuildFile section */

/* Begin PBXContainerItemProxy section */
		DA46560B29CDC2010051F420 /* PBXContainerItemProxy */ = {
			isa = PBXContainerItemProxy;
			containerPortal = DA4655E929CDC1FF0051F420 /* Project object */;
			proxyType = 1;
			remoteGlobalIDString = DA4655F029CDC1FF0051F420;
			remoteInfo = HuiYanKill;
		};
		DA46561529CDC2010051F420 /* PBXContainerItemProxy */ = {
			isa = PBXContainerItemProxy;
			containerPortal = DA4655E929CDC1FF0051F420 /* Project object */;
			proxyType = 1;
			remoteGlobalIDString = DA4655F029CDC1FF0051F420;
			remoteInfo = HuiYanKill;
		};
/* End PBXContainerItemProxy section */

/* Begin PBXFileReference section */
		DA4655F129CDC1FF0051F420 /* HuiYanKill.app */ = {isa = PBXFileReference; explicitFileType = wrapper.application; includeInIndex = 0; path = HuiYanKill.app; sourceTree = BUILT_PRODUCTS_DIR; };
		DA4655F429CDC1FF0051F420 /* AppDelegate.swift */ = {isa = PBXFileReference; lastKnownFileType = sourcecode.swift; path = AppDelegate.swift; sourceTree = "<group>"; };
		DA4655F629CDC1FF0051F420 /* SceneDelegate.swift */ = {isa = PBXFileReference; lastKnownFileType = sourcecode.swift; path = SceneDelegate.swift; sourceTree = "<group>"; };
		DA4655F829CDC1FF0051F420 /* MainViewController.swift */ = {isa = PBXFileReference; lastKnownFileType = sourcecode.swift; path = MainViewController.swift; sourceTree = "<group>"; };
		DA4655FB29CDC1FF0051F420 /* Base */ = {isa = PBXFileReference; lastKnownFileType = file.storyboard; name = Base; path = Base.lproj/Main.storyboard; sourceTree = "<group>"; };
		DA4655FE29CDC1FF0051F420 /* HuiYanKill.xcdatamodel */ = {isa = PBXFileReference; lastKnownFileType = wrapper.xcdatamodel; path = HuiYanKill.xcdatamodel; sourceTree = "<group>"; };
		DA46560029CDC2000051F420 /* Assets.xcassets */ = {isa = PBXFileReference; lastKnownFileType = folder.assetcatalog; path = Assets.xcassets; sourceTree = "<group>"; };
		DA46560329CDC2000051F420 /* Base */ = {isa = PBXFileReference; lastKnownFileType = file.storyboard; name = Base; path = Base.lproj/LaunchScreen.storyboard; sourceTree = "<group>"; };
		DA46560529CDC2000051F420 /* Info.plist */ = {isa = PBXFileReference; lastKnownFileType = text.plist.xml; path = Info.plist; sourceTree = "<group>"; };
		DA46560A29CDC2010051F420 /* HuiYanKillTests.xctest */ = {isa = PBXFileReference; explicitFileType = wrapper.cfbundle; includeInIndex = 0; path = HuiYanKillTests.xctest; sourceTree = BUILT_PRODUCTS_DIR; };
		DA46560E29CDC2010051F420 /* HuiYanKillTests.swift */ = {isa = PBXFileReference; lastKnownFileType = sourcecode.swift; path = HuiYanKillTests.swift; sourceTree = "<group>"; };
		DA46561429CDC2010051F420 /* HuiYanKillUITests.xctest */ = {isa = PBXFileReference; explicitFileType = wrapper.cfbundle; includeInIndex = 0; path = HuiYanKillUITests.xctest; sourceTree = BUILT_PRODUCTS_DIR; };
		DA46561829CDC2010051F420 /* HuiYanKillUITests.swift */ = {isa = PBXFileReference; lastKnownFileType = sourcecode.swift; path = HuiYanKillUITests.swift; sourceTree = "<group>"; };
		DA46561A29CDC2010051F420 /* HuiYanKillUITestsLaunchTests.swift */ = {isa = PBXFileReference; lastKnownFileType = sourcecode.swift; path = HuiYanKillUITestsLaunchTests.swift; sourceTree = "<group>"; };
		DA46562729CDC5290051F420 /* LayoutData.swift */ = {isa = PBXFileReference; lastKnownFileType = sourcecode.swift; path = LayoutData.swift; sourceTree = "<group>"; };
		DA46562A29CDC5E50051F420 /* RoleViewController.swift */ = {isa = PBXFileReference; lastKnownFileType = sourcecode.swift; path = RoleViewController.swift; sourceTree = "<group>"; };
		DA46562D29CDC64C0051F420 /* ModeViewController.swift */ = {isa = PBXFileReference; lastKnownFileType = sourcecode.swift; path = ModeViewController.swift; sourceTree = "<group>"; };
		DA625EC729CEDC5B00C50163 /* singlePlayerMode.jpeg */ = {isa = PBXFileReference; lastKnownFileType = image.jpeg; path = singlePlayerMode.jpeg; sourceTree = "<group>"; };
		DA625ECE29CEE0E800C50163 /* stayTunedMode.png */ = {isa = PBXFileReference; lastKnownFileType = image.png; path = stayTunedMode.png; sourceTree = "<group>"; };
		DA625ED029CF427A00C50163 /* SingleViewController.swift */ = {isa = PBXFileReference; lastKnownFileType = sourcecode.swift; path = SingleViewController.swift; sourceTree = "<group>"; };
/* End PBXFileReference section */

/* Begin PBXFrameworksBuildPhase section */
		DA4655EE29CDC1FF0051F420 /* Frameworks */ = {
			isa = PBXFrameworksBuildPhase;
			buildActionMask = 2147483647;
			files = (
			);
			runOnlyForDeploymentPostprocessing = 0;
		};
		DA46560729CDC2010051F420 /* Frameworks */ = {
			isa = PBXFrameworksBuildPhase;
			buildActionMask = 2147483647;
			files = (
			);
			runOnlyForDeploymentPostprocessing = 0;
		};
		DA46561129CDC2010051F420 /* Frameworks */ = {
			isa = PBXFrameworksBuildPhase;
			buildActionMask = 2147483647;
			files = (
			);
			runOnlyForDeploymentPostprocessing = 0;
		};
/* End PBXFrameworksBuildPhase section */

/* Begin PBXGroup section */
		DA4655E829CDC1FF0051F420 = {
			isa = PBXGroup;
			children = (
				DA4655F329CDC1FF0051F420 /* HuiYanKill */,
				DA46560D29CDC2010051F420 /* HuiYanKillTests */,
				DA46561729CDC2010051F420 /* HuiYanKillUITests */,
				DA4655F229CDC1FF0051F420 /* Products */,
			);
			sourceTree = "<group>";
		};
		DA4655F229CDC1FF0051F420 /* Products */ = {
			isa = PBXGroup;
			children = (
				DA4655F129CDC1FF0051F420 /* HuiYanKill.app */,
				DA46560A29CDC2010051F420 /* HuiYanKillTests.xctest */,
				DA46561429CDC2010051F420 /* HuiYanKillUITests.xctest */,
			);
			name = Products;
			sourceTree = "<group>";
		};
		DA4655F329CDC1FF0051F420 /* HuiYanKill */ = {
			isa = PBXGroup;
			children = (
				DA46562C29CDC5EF0051F420 /* Interface */,
				DA46562929CDC5310051F420 /* Data */,
				DA4655F429CDC1FF0051F420 /* AppDelegate.swift */,
				DA4655F629CDC1FF0051F420 /* SceneDelegate.swift */,
				DA4655FA29CDC1FF0051F420 /* Main.storyboard */,
				DA46560029CDC2000051F420 /* Assets.xcassets */,
				DA46560229CDC2000051F420 /* LaunchScreen.storyboard */,
				DA46560529CDC2000051F420 /* Info.plist */,
				DA4655FD29CDC1FF0051F420 /* HuiYanKill.xcdatamodeld */,
			);
			path = HuiYanKill;
			sourceTree = "<group>";
		};
		DA46560D29CDC2010051F420 /* HuiYanKillTests */ = {
			isa = PBXGroup;
			children = (
				DA46560E29CDC2010051F420 /* HuiYanKillTests.swift */,
			);
			path = HuiYanKillTests;
			sourceTree = "<group>";
		};
		DA46561729CDC2010051F420 /* HuiYanKillUITests */ = {
			isa = PBXGroup;
			children = (
				DA46561829CDC2010051F420 /* HuiYanKillUITests.swift */,
				DA46561A29CDC2010051F420 /* HuiYanKillUITestsLaunchTests.swift */,
			);
			path = HuiYanKillUITests;
			sourceTree = "<group>";
		};
		DA46562929CDC5310051F420 /* Data */ = {
			isa = PBXGroup;
			children = (
				DA625ECA29CEDC8400C50163 /* Image */,
				DA46562729CDC5290051F420 /* LayoutData.swift */,
			);
			path = Data;
			sourceTree = "<group>";
		};
		DA46562C29CDC5EF0051F420 /* Interface */ = {
			isa = PBXGroup;
			children = (
				DA4655F829CDC1FF0051F420 /* MainViewController.swift */,
				DA46562A29CDC5E50051F420 /* RoleViewController.swift */,
				DA46562D29CDC64C0051F420 /* ModeViewController.swift */,
				DA625ED229CF42A000C50163 /* ModeChange */,
			);
			path = Interface;
			sourceTree = "<group>";
		};
		DA625ECA29CEDC8400C50163 /* Image */ = {
			isa = PBXGroup;
			children = (
				DA625ECB29CEDCAE00C50163 /* Mode */,
			);
			path = Image;
			sourceTree = "<group>";
		};
		DA625ECB29CEDCAE00C50163 /* Mode */ = {
			isa = PBXGroup;
			children = (
				DA625ECE29CEE0E800C50163 /* stayTunedMode.png */,
				DA625EC729CEDC5B00C50163 /* singlePlayerMode.jpeg */,
			);
			path = Mode;
			sourceTree = "<group>";
		};
		DA625ED229CF42A000C50163 /* ModeChange */ = {
			isa = PBXGroup;
			children = (
				DA625ED029CF427A00C50163 /* SingleViewController.swift */,
			);
			path = ModeChange;
			sourceTree = "<group>";
		};
/* End PBXGroup section */

/* Begin PBXNativeTarget section */
		DA4655F029CDC1FF0051F420 /* HuiYanKill */ = {
			isa = PBXNativeTarget;
			buildConfigurationList = DA46561E29CDC2010051F420 /* Build configuration list for PBXNativeTarget "HuiYanKill" */;
			buildPhases = (
				DA4655ED29CDC1FF0051F420 /* Sources */,
				DA4655EE29CDC1FF0051F420 /* Frameworks */,
				DA4655EF29CDC1FF0051F420 /* Resources */,
			);
			buildRules = (
			);
			dependencies = (
			);
			name = HuiYanKill;
			productName = HuiYanKill;
			productReference = DA4655F129CDC1FF0051F420 /* HuiYanKill.app */;
			productType = "com.apple.product-type.application";
		};
		DA46560929CDC2010051F420 /* HuiYanKillTests */ = {
			isa = PBXNativeTarget;
			buildConfigurationList = DA46562129CDC2010051F420 /* Build configuration list for PBXNativeTarget "HuiYanKillTests" */;
			buildPhases = (
				DA46560629CDC2010051F420 /* Sources */,
				DA46560729CDC2010051F420 /* Frameworks */,
				DA46560829CDC2010051F420 /* Resources */,
			);
			buildRules = (
			);
			dependencies = (
				DA46560C29CDC2010051F420 /* PBXTargetDependency */,
			);
			name = HuiYanKillTests;
			productName = HuiYanKillTests;
			productReference = DA46560A29CDC2010051F420 /* HuiYanKillTests.xctest */;
			productType = "com.apple.product-type.bundle.unit-test";
		};
		DA46561329CDC2010051F420 /* HuiYanKillUITests */ = {
			isa = PBXNativeTarget;
			buildConfigurationList = DA46562429CDC2010051F420 /* Build configuration list for PBXNativeTarget "HuiYanKillUITests" */;
			buildPhases = (
				DA46561029CDC2010051F420 /* Sources */,
				DA46561129CDC2010051F420 /* Frameworks */,
				DA46561229CDC2010051F420 /* Resources */,
			);
			buildRules = (
			);
			dependencies = (
				DA46561629CDC2010051F420 /* PBXTargetDependency */,
			);
			name = HuiYanKillUITests;
			productName = HuiYanKillUITests;
			productReference = DA46561429CDC2010051F420 /* HuiYanKillUITests.xctest */;
			productType = "com.apple.product-type.bundle.ui-testing";
		};
/* End PBXNativeTarget section */

/* Begin PBXProject section */
		DA4655E929CDC1FF0051F420 /* Project object */ = {
			isa = PBXProject;
			attributes = {
				BuildIndependentTargetsInParallel = 1;
				LastSwiftUpdateCheck = 1420;
				LastUpgradeCheck = 1420;
				TargetAttributes = {
					DA4655F029CDC1FF0051F420 = {
						CreatedOnToolsVersion = 14.2;
					};
					DA46560929CDC2010051F420 = {
						CreatedOnToolsVersion = 14.2;
						TestTargetID = DA4655F029CDC1FF0051F420;
					};
					DA46561329CDC2010051F420 = {
						CreatedOnToolsVersion = 14.2;
						TestTargetID = DA4655F029CDC1FF0051F420;
					};
				};
			};
			buildConfigurationList = DA4655EC29CDC1FF0051F420 /* Build configuration list for PBXProject "HuiYanKill" */;
			compatibilityVersion = "Xcode 14.0";
			developmentRegion = en;
			hasScannedForEncodings = 0;
			knownRegions = (
				en,
				Base,
			);
			mainGroup = DA4655E829CDC1FF0051F420;
			productRefGroup = DA4655F229CDC1FF0051F420 /* Products */;
			projectDirPath = "";
			projectRoot = "";
			targets = (
				DA4655F029CDC1FF0051F420 /* HuiYanKill */,
				DA46560929CDC2010051F420 /* HuiYanKillTests */,
				DA46561329CDC2010051F420 /* HuiYanKillUITests */,
			);
		};
/* End PBXProject section */

/* Begin PBXResourcesBuildPhase section */
		DA4655EF29CDC1FF0051F420 /* Resources */ = {
			isa = PBXResourcesBuildPhase;
			buildActionMask = 2147483647;
			files = (
				DA46560429CDC2000051F420 /* LaunchScreen.storyboard in Resources */,
				DA625ECF29CEE0E800C50163 /* stayTunedMode.png in Resources */,
				DA625EC829CEDC5B00C50163 /* singlePlayerMode.jpeg in Resources */,
				DA46560129CDC2000051F420 /* Assets.xcassets in Resources */,
				DA4655FC29CDC1FF0051F420 /* Main.storyboard in Resources */,
			);
			runOnlyForDeploymentPostprocessing = 0;
		};
		DA46560829CDC2010051F420 /* Resources */ = {
			isa = PBXResourcesBuildPhase;
			buildActionMask = 2147483647;
			files = (
			);
			runOnlyForDeploymentPostprocessing = 0;
		};
		DA46561229CDC2010051F420 /* Resources */ = {
			isa = PBXResourcesBuildPhase;
			buildActionMask = 2147483647;
			files = (
			);
			runOnlyForDeploymentPostprocessing = 0;
		};
/* End PBXResourcesBuildPhase section */

/* Begin PBXSourcesBuildPhase section */
		DA4655ED29CDC1FF0051F420 /* Sources */ = {
			isa = PBXSourcesBuildPhase;
			buildActionMask = 2147483647;
			files = (
				DA46562829CDC5290051F420 /* LayoutData.swift in Sources */,
				DA4655F929CDC1FF0051F420 /* MainViewController.swift in Sources */,
				DA46562B29CDC5E50051F420 /* RoleViewController.swift in Sources */,
				DA4655FF29CDC1FF0051F420 /* HuiYanKill.xcdatamodeld in Sources */,
				DA46562E29CDC64C0051F420 /* ModeViewController.swift in Sources */,
				DA4655F529CDC1FF0051F420 /* AppDelegate.swift in Sources */,
				DA625ED129CF427A00C50163 /* SingleViewController.swift in Sources */,
				DA4655F729CDC1FF0051F420 /* SceneDelegate.swift in Sources */,
			);
			runOnlyForDeploymentPostprocessing = 0;
		};
		DA46560629CDC2010051F420 /* Sources */ = {
			isa = PBXSourcesBuildPhase;
			buildActionMask = 2147483647;
			files = (
				DA46560F29CDC2010051F420 /* HuiYanKillTests.swift in Sources */,
			);
			runOnlyForDeploymentPostprocessing = 0;
		};
		DA46561029CDC2010051F420 /* Sources */ = {
			isa = PBXSourcesBuildPhase;
			buildActionMask = 2147483647;
			files = (
				DA46561B29CDC2010051F420 /* HuiYanKillUITestsLaunchTests.swift in Sources */,
				DA46561929CDC2010051F420 /* HuiYanKillUITests.swift in Sources */,
			);
			runOnlyForDeploymentPostprocessing = 0;
		};
/* End PBXSourcesBuildPhase section */

/* Begin PBXTargetDependency section */
		DA46560C29CDC2010051F420 /* PBXTargetDependency */ = {
			isa = PBXTargetDependency;
			target = DA4655F029CDC1FF0051F420 /* HuiYanKill */;
			targetProxy = DA46560B29CDC2010051F420 /* PBXContainerItemProxy */;
		};
		DA46561629CDC2010051F420 /* PBXTargetDependency */ = {
			isa = PBXTargetDependency;
			target = DA4655F029CDC1FF0051F420 /* HuiYanKill */;
			targetProxy = DA46561529CDC2010051F420 /* PBXContainerItemProxy */;
		};
/* End PBXTargetDependency section */

/* Begin PBXVariantGroup section */
		DA4655FA29CDC1FF0051F420 /* Main.storyboard */ = {
			isa = PBXVariantGroup;
			children = (
				DA4655FB29CDC1FF0051F420 /* Base */,
			);
			name = Main.storyboard;
			sourceTree = "<group>";
		};
		DA46560229CDC2000051F420 /* LaunchScreen.storyboard */ = {
			isa = PBXVariantGroup;
			children = (
				DA46560329CDC2000051F420 /* Base */,
			);
			name = LaunchScreen.storyboard;
			sourceTree = "<group>";
		};
/* End PBXVariantGroup section */

/* Begin XCBuildConfiguration section */
		DA46561C29CDC2010051F420 /* Debug */ = {
			isa = XCBuildConfiguration;
			buildSettings = {
				ALWAYS_SEARCH_USER_PATHS = NO;
				CLANG_ANALYZER_NONNULL = YES;
				CLANG_ANALYZER_NUMBER_OBJECT_CONVERSION = YES_AGGRESSIVE;
				CLANG_CXX_LANGUAGE_STANDARD = "gnu++20";
				CLANG_ENABLE_MODULES = YES;
				CLANG_ENABLE_OBJC_ARC = YES;
				CLANG_ENABLE_OBJC_WEAK = YES;
				CLANG_WARN_BLOCK_CAPTURE_AUTORELEASING = YES;
				CLANG_WARN_BOOL_CONVERSION = YES;
				CLANG_WARN_COMMA = YES;
				CLANG_WARN_CONSTANT_CONVERSION = YES;
				CLANG_WARN_DEPRECATED_OBJC_IMPLEMENTATIONS = YES;
				CLANG_WARN_DIRECT_OBJC_ISA_USAGE = YES_ERROR;
				CLANG_WARN_DOCUMENTATION_COMMENTS = YES;
				CLANG_WARN_EMPTY_BODY = YES;
				CLANG_WARN_ENUM_CONVERSION = YES;
				CLANG_WARN_INFINITE_RECURSION = YES;
				CLANG_WARN_INT_CONVERSION = YES;
				CLANG_WARN_NON_LITERAL_NULL_CONVERSION = YES;
				CLANG_WARN_OBJC_IMPLICIT_RETAIN_SELF = YES;
				CLANG_WARN_OBJC_LITERAL_CONVERSION = YES;
				CLANG_WARN_OBJC_ROOT_CLASS = YES_ERROR;
				CLANG_WARN_QUOTED_INCLUDE_IN_FRAMEWORK_HEADER = YES;
				CLANG_WARN_RANGE_LOOP_ANALYSIS = YES;
				CLANG_WARN_STRICT_PROTOTYPES = YES;
				CLANG_WARN_SUSPICIOUS_MOVE = YES;
				CLANG_WARN_UNGUARDED_AVAILABILITY = YES_AGGRESSIVE;
				CLANG_WARN_UNREACHABLE_CODE = YES;
				CLANG_WARN__DUPLICATE_METHOD_MATCH = YES;
				COPY_PHASE_STRIP = NO;
				DEBUG_INFORMATION_FORMAT = dwarf;
				ENABLE_STRICT_OBJC_MSGSEND = YES;
				ENABLE_TESTABILITY = YES;
				GCC_C_LANGUAGE_STANDARD = gnu11;
				GCC_DYNAMIC_NO_PIC = NO;
				GCC_NO_COMMON_BLOCKS = YES;
				GCC_OPTIMIZATION_LEVEL = 0;
				GCC_PREPROCESSOR_DEFINITIONS = (
					"DEBUG=1",
					"$(inherited)",
				);
				GCC_WARN_64_TO_32_BIT_CONVERSION = YES;
				GCC_WARN_ABOUT_RETURN_TYPE = YES_ERROR;
				GCC_WARN_UNDECLARED_SELECTOR = YES;
				GCC_WARN_UNINITIALIZED_AUTOS = YES_AGGRESSIVE;
				GCC_WARN_UNUSED_FUNCTION = YES;
				GCC_WARN_UNUSED_VARIABLE = YES;
				IPHONEOS_DEPLOYMENT_TARGET = 16.2;
				MTL_ENABLE_DEBUG_INFO = INCLUDE_SOURCE;
				MTL_FAST_MATH = YES;
				ONLY_ACTIVE_ARCH = YES;
				SDKROOT = iphoneos;
				SWIFT_ACTIVE_COMPILATION_CONDITIONS = DEBUG;
				SWIFT_OPTIMIZATION_LEVEL = "-Onone";
			};
			name = Debug;
		};
		DA46561D29CDC2010051F420 /* Release */ = {
			isa = XCBuildConfiguration;
			buildSettings = {
				ALWAYS_SEARCH_USER_PATHS = NO;
				CLANG_ANALYZER_NONNULL = YES;
				CLANG_ANALYZER_NUMBER_OBJECT_CONVERSION = YES_AGGRESSIVE;
				CLANG_CXX_LANGUAGE_STANDARD = "gnu++20";
				CLANG_ENABLE_MODULES = YES;
				CLANG_ENABLE_OBJC_ARC = YES;
				CLANG_ENABLE_OBJC_WEAK = YES;
				CLANG_WARN_BLOCK_CAPTURE_AUTORELEASING = YES;
				CLANG_WARN_BOOL_CONVERSION = YES;
				CLANG_WARN_COMMA = YES;
				CLANG_WARN_CONSTANT_CONVERSION = YES;
				CLANG_WARN_DEPRECATED_OBJC_IMPLEMENTATIONS = YES;
				CLANG_WARN_DIRECT_OBJC_ISA_USAGE = YES_ERROR;
				CLANG_WARN_DOCUMENTATION_COMMENTS = YES;
				CLANG_WARN_EMPTY_BODY = YES;
				CLANG_WARN_ENUM_CONVERSION = YES;
				CLANG_WARN_INFINITE_RECURSION = YES;
				CLANG_WARN_INT_CONVERSION = YES;
				CLANG_WARN_NON_LITERAL_NULL_CONVERSION = YES;
				CLANG_WARN_OBJC_IMPLICIT_RETAIN_SELF = YES;
				CLANG_WARN_OBJC_LITERAL_CONVERSION = YES;
				CLANG_WARN_OBJC_ROOT_CLASS = YES_ERROR;
				CLANG_WARN_QUOTED_INCLUDE_IN_FRAMEWORK_HEADER = YES;
				CLANG_WARN_RANGE_LOOP_ANALYSIS = YES;
				CLANG_WARN_STRICT_PROTOTYPES = YES;
				CLANG_WARN_SUSPICIOUS_MOVE = YES;
				CLANG_WARN_UNGUARDED_AVAILABILITY = YES_AGGRESSIVE;
				CLANG_WARN_UNREACHABLE_CODE = YES;
				CLANG_WARN__DUPLICATE_METHOD_MATCH = YES;
				COPY_PHASE_STRIP = NO;
				DEBUG_INFORMATION_FORMAT = "dwarf-with-dsym";
				ENABLE_NS_ASSERTIONS = NO;
				ENABLE_STRICT_OBJC_MSGSEND = YES;
				GCC_C_LANGUAGE_STANDARD = gnu11;
				GCC_NO_COMMON_BLOCKS = YES;
				GCC_WARN_64_TO_32_BIT_CONVERSION = YES;
				GCC_WARN_ABOUT_RETURN_TYPE = YES_ERROR;
				GCC_WARN_UNDECLARED_SELECTOR = YES;
				GCC_WARN_UNINITIALIZED_AUTOS = YES_AGGRESSIVE;
				GCC_WARN_UNUSED_FUNCTION = YES;
				GCC_WARN_UNUSED_VARIABLE = YES;
				IPHONEOS_DEPLOYMENT_TARGET = 16.2;
				MTL_ENABLE_DEBUG_INFO = NO;
				MTL_FAST_MATH = YES;
				SDKROOT = iphoneos;
				SWIFT_COMPILATION_MODE = wholemodule;
				SWIFT_OPTIMIZATION_LEVEL = "-O";
				VALIDATE_PRODUCT = YES;
			};
			name = Release;
		};
		DA46561F29CDC2010051F420 /* Debug */ = {
			isa = XCBuildConfiguration;
			buildSettings = {
				ASSETCATALOG_COMPILER_APPICON_NAME = AppIcon;
				ASSETCATALOG_COMPILER_GLOBAL_ACCENT_COLOR_NAME = AccentColor;
				CODE_SIGN_STYLE = Automatic;
				CURRENT_PROJECT_VERSION = 1;
				GENERATE_INFOPLIST_FILE = YES;
				INFOPLIST_FILE = HuiYanKill/Info.plist;
				INFOPLIST_KEY_UIApplicationSupportsIndirectInputEvents = YES;
				INFOPLIST_KEY_UILaunchStoryboardName = LaunchScreen;
				INFOPLIST_KEY_UIMainStoryboardFile = Main;
				INFOPLIST_KEY_UISupportedInterfaceOrientations = "UIInterfaceOrientationLandscapeLeft UIInterfaceOrientationLandscapeRight";
				INFOPLIST_KEY_UISupportedInterfaceOrientations_iPad = "UIInterfaceOrientationLandscapeLeft UIInterfaceOrientationLandscapeRight UIInterfaceOrientationPortrait UIInterfaceOrientationPortraitUpsideDown";
				LD_RUNPATH_SEARCH_PATHS = (
					"$(inherited)",
					"@executable_path/Frameworks",
				);
				MARKETING_VERSION = 1.0;
				PRODUCT_BUNDLE_IDENTIFIER = com.qhuiyan.HuiYanKill;
				PRODUCT_NAME = "$(TARGET_NAME)";
				SWIFT_EMIT_LOC_STRINGS = YES;
				SWIFT_VERSION = 5.0;
				TARGETED_DEVICE_FAMILY = "1,2";
			};
			name = Debug;
		};
		DA46562029CDC2010051F420 /* Release */ = {
			isa = XCBuildConfiguration;
			buildSettings = {
				ASSETCATALOG_COMPILER_APPICON_NAME = AppIcon;
				ASSETCATALOG_COMPILER_GLOBAL_ACCENT_COLOR_NAME = AccentColor;
				CODE_SIGN_STYLE = Automatic;
				CURRENT_PROJECT_VERSION = 1;
				GENERATE_INFOPLIST_FILE = YES;
				INFOPLIST_FILE = HuiYanKill/Info.plist;
				INFOPLIST_KEY_UIApplicationSupportsIndirectInputEvents = YES;
				INFOPLIST_KEY_UILaunchStoryboardName = LaunchScreen;
				INFOPLIST_KEY_UIMainStoryboardFile = Main;
				INFOPLIST_KEY_UISupportedInterfaceOrientations = "UIInterfaceOrientationLandscapeLeft UIInterfaceOrientationLandscapeRight";
				INFOPLIST_KEY_UISupportedInterfaceOrientations_iPad = "UIInterfaceOrientationLandscapeLeft UIInterfaceOrientationLandscapeRight UIInterfaceOrientationPortrait UIInterfaceOrientationPortraitUpsideDown";
				LD_RUNPATH_SEARCH_PATHS = (
					"$(inherited)",
					"@executable_path/Frameworks",
				);
				MARKETING_VERSION = 1.0;
				PRODUCT_BUNDLE_IDENTIFIER = com.qhuiyan.HuiYanKill;
				PRODUCT_NAME = "$(TARGET_NAME)";
				SWIFT_EMIT_LOC_STRINGS = YES;
				SWIFT_VERSION = 5.0;
				TARGETED_DEVICE_FAMILY = "1,2";
			};
			name = Release;
		};
		DA46562229CDC2010051F420 /* Debug */ = {
			isa = XCBuildConfiguration;
			buildSettings = {
				ALWAYS_EMBED_SWIFT_STANDARD_LIBRARIES = YES;
				BUNDLE_LOADER = "$(TEST_HOST)";
				CODE_SIGN_STYLE = Automatic;
				CURRENT_PROJECT_VERSION = 1;
				GENERATE_INFOPLIST_FILE = YES;
				IPHONEOS_DEPLOYMENT_TARGET = 16.2;
				MARKETING_VERSION = 1.0;
				PRODUCT_BUNDLE_IDENTIFIER = com.qhuiyan.HuiYanKillTests;
				PRODUCT_NAME = "$(TARGET_NAME)";
				SWIFT_EMIT_LOC_STRINGS = NO;
				SWIFT_VERSION = 5.0;
				TARGETED_DEVICE_FAMILY = "1,2";
				TEST_HOST = "$(BUILT_PRODUCTS_DIR)/HuiYanKill.app/$(BUNDLE_EXECUTABLE_FOLDER_PATH)/HuiYanKill";
			};
			name = Debug;
		};
		DA46562329CDC2010051F420 /* Release */ = {
			isa = XCBuildConfiguration;
			buildSettings = {
				ALWAYS_EMBED_SWIFT_STANDARD_LIBRARIES = YES;
				BUNDLE_LOADER = "$(TEST_HOST)";
				CODE_SIGN_STYLE = Automatic;
				CURRENT_PROJECT_VERSION = 1;
				GENERATE_INFOPLIST_FILE = YES;
				IPHONEOS_DEPLOYMENT_TARGET = 16.2;
				MARKETING_VERSION = 1.0;
				PRODUCT_BUNDLE_IDENTIFIER = com.qhuiyan.HuiYanKillTests;
				PRODUCT_NAME = "$(TARGET_NAME)";
				SWIFT_EMIT_LOC_STRINGS = NO;
				SWIFT_VERSION = 5.0;
				TARGETED_DEVICE_FAMILY = "1,2";
				TEST_HOST = "$(BUILT_PRODUCTS_DIR)/HuiYanKill.app/$(BUNDLE_EXECUTABLE_FOLDER_PATH)/HuiYanKill";
			};
			name = Release;
		};
		DA46562529CDC2010051F420 /* Debug */ = {
			isa = XCBuildConfiguration;
			buildSettings = {
				ALWAYS_EMBED_SWIFT_STANDARD_LIBRARIES = YES;
				CODE_SIGN_STYLE = Automatic;
				CURRENT_PROJECT_VERSION = 1;
				GENERATE_INFOPLIST_FILE = YES;
				MARKETING_VERSION = 1.0;
				PRODUCT_BUNDLE_IDENTIFIER = com.qhuiyan.HuiYanKillUITests;
				PRODUCT_NAME = "$(TARGET_NAME)";
				SWIFT_EMIT_LOC_STRINGS = NO;
				SWIFT_VERSION = 5.0;
				TARGETED_DEVICE_FAMILY = "1,2";
				TEST_TARGET_NAME = HuiYanKill;
			};
			name = Debug;
		};
		DA46562629CDC2010051F420 /* Release */ = {
			isa = XCBuildConfiguration;
			buildSettings = {
				ALWAYS_EMBED_SWIFT_STANDARD_LIBRARIES = YES;
				CODE_SIGN_STYLE = Automatic;
				CURRENT_PROJECT_VERSION = 1;
				GENERATE_INFOPLIST_FILE = YES;
				MARKETING_VERSION = 1.0;
				PRODUCT_BUNDLE_IDENTIFIER = com.qhuiyan.HuiYanKillUITests;
				PRODUCT_NAME = "$(TARGET_NAME)";
				SWIFT_EMIT_LOC_STRINGS = NO;
				SWIFT_VERSION = 5.0;
				TARGETED_DEVICE_FAMILY = "1,2";
				TEST_TARGET_NAME = HuiYanKill;
			};
			name = Release;
		};
/* End XCBuildConfiguration section */

/* Begin XCConfigurationList section */
		DA4655EC29CDC1FF0051F420 /* Build configuration list for PBXProject "HuiYanKill" */ = {
			isa = XCConfigurationList;
			buildConfigurations = (
				DA46561C29CDC2010051F420 /* Debug */,
				DA46561D29CDC2010051F420 /* Release */,
			);
			defaultConfigurationIsVisible = 0;
			defaultConfigurationName = Release;
		};
		DA46561E29CDC2010051F420 /* Build configuration list for PBXNativeTarget "HuiYanKill" */ = {
			isa = XCConfigurationList;
			buildConfigurations = (
				DA46561F29CDC2010051F420 /* Debug */,
				DA46562029CDC2010051F420 /* Release */,
			);
			defaultConfigurationIsVisible = 0;
			defaultConfigurationName = Release;
		};
		DA46562129CDC2010051F420 /* Build configuration list for PBXNativeTarget "HuiYanKillTests" */ = {
			isa = XCConfigurationList;
			buildConfigurations = (
				DA46562229CDC2010051F420 /* Debug */,
				DA46562329CDC2010051F420 /* Release */,
			);
			defaultConfigurationIsVisible = 0;
			defaultConfigurationName = Release;
		};
		DA46562429CDC2010051F420 /* Build configuration list for PBXNativeTarget "HuiYanKillUITests" */ = {
			isa = XCConfigurationList;
			buildConfigurations = (
				DA46562529CDC2010051F420 /* Debug */,
				DA46562629CDC2010051F420 /* Release */,
			);
			defaultConfigurationIsVisible = 0;
			defaultConfigurationName = Release;
		};
/* End XCConfigurationList section */

/* Begin XCVersionGroup section */
		DA4655FD29CDC1FF0051F420 /* HuiYanKill.xcdatamodeld */ = {
			isa = XCVersionGroup;
			children = (
				DA4655FE29CDC1FF0051F420 /* HuiYanKill.xcdatamodel */,
			);
			currentVersion = DA4655FE29CDC1FF0051F420 /* HuiYanKill.xcdatamodel */;
			path = HuiYanKill.xcdatamodeld;
			sourceTree = "<group>";
			versionGroupType = wrapper.xcdatamodel;
		};
/* End XCVersionGroup section */
	};
	rootObject = DA4655E929CDC1FF0051F420 /* Project object */;
}
